
Microsoft Visual Studio Solution File, Format Version 12.00
# Visual Studio Version 16
VisualStudioVersion = 16.0.29806.167
MinimumVisualStudioVersion = 10.0.40219.1
Project("{FAE04EC0-301F-11D3-BF4B-00C04F79EFBC}") = "ProgramingFundamentalsFinalExam", "ProgramingFundamentalsFinalExam\ProgramingFundamentalsFinalExam.csproj", "{5143790A-E2E9-41AE-BFAA-D8D34E13491C}"
EndProject
Project("{FAE04EC0-301F-11D3-BF4B-00C04F79EFBC}") = "02.DestinationMapper", "02.DestinationMapper\02.DestinationMapper.csproj", "{D2D5867A-AD72-4162-A553-CDBA78E34CB5}"
EndProject
Project("{FAE04EC0-301F-11D3-BF4B-00C04F79EFBC}") = "03.PlantDiscovery", "03.PlantDiscovery\03.PlantDiscovery.csproj", "{1E91C012-313E-4670-8331-F6EC0D199F25}"
EndProject
Project("{FAE04EC0-301F-11D3-BF4B-00C04F79EFBC}") = "03.PlantDiscovery2", "03.PlantDiscovery2\03.PlantDiscovery2.csproj", "{51848474-979A-4ABA-B17B-86C17CAFA82F}"
EndProject
Project("{FAE04EC0-301F-11D3-BF4B-00C04F79EFBC}") = "ConsoleApp1", "ConsoleApp1\ConsoleApp1.csproj", "{0FD2CCC9-DED2-4F94-98AA-58412D4E91DA}"
EndProject
Global
	GlobalSection(SolutionConfigurationPlatforms) = preSolution
		Debug|Any CPU = Debug|Any CPU
		Release|Any CPU = Release|Any CPU
	EndGlobalSection
	GlobalSection(ProjectConfigurationPlatforms) = postSolution
		{5143790A-E2E9-41AE-BFAA-D8D34E13491C}.Debug|Any CPU.ActiveCfg = Debug|Any CPU
		{5143790A-E2E9-41AE-BFAA-D8D34E13491C}.Debug|Any CPU.Build.0 = Debug|Any CPU
		{5143790A-E2E9-41AE-BFAA-D8D34E13491C}.Release|Any CPU.ActiveCfg = Release|Any CPU
		{5143790A-E2E9-41AE-BFAA-D8D34E13491C}.Release|Any CPU.Build.0 = Release|Any CPU
		{D2D5867A-AD72-4162-A553-CDBA78E34CB5}.Debug|Any CPU.ActiveCfg = Debug|Any CPU
		{D2D5867A-AD72-4162-A553-CDBA78E34CB5}.Debug|Any CPU.Build.0 = Debug|Any CPU
		{D2D5867A-AD72-4162-A553-CDBA78E34CB5}.Release|Any CPU.ActiveCfg = Release|Any CPU
		{D2D5867A-AD72-4162-A553-CDBA78E34CB5}.Release|Any CPU.Build.0 = Release|Any CPU
		{1E91C012-313E-4670-8331-F6EC0D199F25}.Debug|Any CPU.ActiveCfg = Debug|Any CPU
		{1E91C012-313E-4670-8331-F6EC0D199F25}.Debug|Any CPU.Build.0 = Debug|Any CPU
		{1E91C012-313E-4670-8331-F6EC0D199F25}.Release|Any CPU.ActiveCfg = Release|Any CPU
		{1E91C012-313E-4670-8331-F6EC0D199F25}.Release|Any CPU.Build.0 = Release|Any CPU
		{51848474-979A-4ABA-B17B-86C17CAFA82F}.Debug|Any CPU.ActiveCfg = Debug|Any CPU
		{51848474-979A-4ABA-B17B-86C17CAFA82F}.Debug|Any CPU.Build.0 = Debug|Any CPU
		{51848474-979A-4ABA-B17B-86C17CAFA82F}.Release|Any CPU.ActiveCfg = Release|Any CPU
		{51848474-979A-4ABA-B17B-86C17CAFA82F}.Release|Any CPU.Build.0 = Release|Any CPU
		{0FD2CCC9-DED2-4F94-98AA-58412D4E91DA}.Debug|Any CPU.ActiveCfg = Debug|Any CPU
		{0FD2CCC9-DED2-4F94-98AA-58412D4E91DA}.Debug|Any CPU.Build.0 = Debug|Any CPU
		{0FD2CCC9-DED2-4F94-98AA-58412D4E91DA}.Release|Any CPU.ActiveCfg = Release|Any CPU
		{0FD2CCC9-DED2-4F94-98AA-58412D4E91DA}.Release|Any CPU.Build.0 = Release|Any CPU
	EndGlobalSection
	GlobalSection(SolutionProperties) = preSolution
		HideSolutionNode = FALSE
	EndGlobalSection
	GlobalSection(ExtensibilityGlobals) = postSolution
		SolutionGuid = {86B15E0E-37DD-4CFD-B642-689B5A67555E}
	EndGlobalSection
EndGlobal
