
Microsoft Visual Studio Solution File, Format Version 12.00
# Visual Studio Version 16
VisualStudioVersion = 16.0.29806.167
MinimumVisualStudioVersion = 10.0.40219.1
Project("{9A19103F-16F7-4668-BE54-9A1E7A4F7556}") = "01.CountRealNumbers", "01.CountRealNumbers\01.CountRealNumbers.csproj", "{3B12EEA6-A921-490A-9243-F804557B4970}"
EndProject
Project("{9A19103F-16F7-4668-BE54-9A1E7A4F7556}") = "02.OddOccurrences", "02.OddOccurrences\02.OddOccurrences.csproj", "{2DC35297-1C90-4155-9611-0A82DAB4274A}"
EndProject
Project("{9A19103F-16F7-4668-BE54-9A1E7A4F7556}") = "03.WordSynonyms", "03.WordSynonyms\03.WordSynonyms.csproj", "{780A7DDD-E3E3-4951-8F8D-5CF10EDCED31}"
EndProject
Project("{9A19103F-16F7-4668-BE54-9A1E7A4F7556}") = "04.Largest3Numbers", "04.Largest3Numbers\04.Largest3Numbers.csproj", "{1E522E4B-D73B-4DC6-AC2D-66A6264B2298}"
EndProject
Project("{9A19103F-16F7-4668-BE54-9A1E7A4F7556}") = "05.WordFilter", "05.WordFilter\05.WordFilter.csproj", "{64613154-87F4-4574-BEBD-7B66B9D28595}"
EndProject
Project("{9A19103F-16F7-4668-BE54-9A1E7A4F7556}") = "06.CountCharsInAString", "06.CountCharsInAString\06.CountCharsInAString.csproj", "{04DCFB9E-BF53-4360-8127-C075C48D6FEC}"
EndProject
Project("{9A19103F-16F7-4668-BE54-9A1E7A4F7556}") = "07.AMinerTask", "07.AMinerTask\07.AMinerTask.csproj", "{72AA56CD-0980-43DC-9DF8-87607C037965}"
EndProject
Project("{9A19103F-16F7-4668-BE54-9A1E7A4F7556}") = "08.LegendaryFarming", "03.LegendaryFarming\08.LegendaryFarming.csproj", "{DBD03EBA-6B37-4DC1-B7DB-D9FA242EBB8B}"
EndProject
Project("{9A19103F-16F7-4668-BE54-9A1E7A4F7556}") = "09.Orders", "04.Orders\09.Orders.csproj", "{779ADC8E-3E33-49CB-93C5-F927EE65750D}"
EndProject
Project("{9A19103F-16F7-4668-BE54-9A1E7A4F7556}") = "10.SoftuniParking", "05.SoftuniParking\10.SoftuniParking.csproj", "{7A64F8C9-F32F-40D7-AE72-2271A2DC387C}"
EndProject
Project("{9A19103F-16F7-4668-BE54-9A1E7A4F7556}") = "11.Courses", "10.Courses\11.Courses.csproj", "{C2A6192A-AB4F-496F-BB18-3E01499AB7FC}"
EndProject
Project("{9A19103F-16F7-4668-BE54-9A1E7A4F7556}") = "12.StudentAcademy", "12.StudentAcademy\12.StudentAcademy.csproj", "{B941BB13-1949-482C-9551-5B5FED738D6B}"
EndProject
Project("{9A19103F-16F7-4668-BE54-9A1E7A4F7556}") = "13.CompanyUsers", "13.CompanyUsers\13.CompanyUsers.csproj", "{664D4549-3E2C-43A6-B94F-740703E58D3A}"
EndProject
Project("{FAE04EC0-301F-11D3-BF4B-00C04F79EFBC}") = "14.ForceBook", "14.ForceBook\14.ForceBook.csproj", "{351F85E7-1290-4423-B034-92B75CABABC7}"
EndProject
Global
	GlobalSection(SolutionConfigurationPlatforms) = preSolution
		Debug|Any CPU = Debug|Any CPU
		Release|Any CPU = Release|Any CPU
	EndGlobalSection
	GlobalSection(ProjectConfigurationPlatforms) = postSolution
		{3B12EEA6-A921-490A-9243-F804557B4970}.Debug|Any CPU.ActiveCfg = Debug|Any CPU
		{3B12EEA6-A921-490A-9243-F804557B4970}.Debug|Any CPU.Build.0 = Debug|Any CPU
		{3B12EEA6-A921-490A-9243-F804557B4970}.Release|Any CPU.ActiveCfg = Release|Any CPU
		{3B12EEA6-A921-490A-9243-F804557B4970}.Release|Any CPU.Build.0 = Release|Any CPU
		{2DC35297-1C90-4155-9611-0A82DAB4274A}.Debug|Any CPU.ActiveCfg = Debug|Any CPU
		{2DC35297-1C90-4155-9611-0A82DAB4274A}.Debug|Any CPU.Build.0 = Debug|Any CPU
		{2DC35297-1C90-4155-9611-0A82DAB4274A}.Release|Any CPU.ActiveCfg = Release|Any CPU
		{2DC35297-1C90-4155-9611-0A82DAB4274A}.Release|Any CPU.Build.0 = Release|Any CPU
		{780A7DDD-E3E3-4951-8F8D-5CF10EDCED31}.Debug|Any CPU.ActiveCfg = Debug|Any CPU
		{780A7DDD-E3E3-4951-8F8D-5CF10EDCED31}.Debug|Any CPU.Build.0 = Debug|Any CPU
		{780A7DDD-E3E3-4951-8F8D-5CF10EDCED31}.Release|Any CPU.ActiveCfg = Release|Any CPU
		{780A7DDD-E3E3-4951-8F8D-5CF10EDCED31}.Release|Any CPU.Build.0 = Release|Any CPU
		{1E522E4B-D73B-4DC6-AC2D-66A6264B2298}.Debug|Any CPU.ActiveCfg = Debug|Any CPU
		{1E522E4B-D73B-4DC6-AC2D-66A6264B2298}.Debug|Any CPU.Build.0 = Debug|Any CPU
		{1E522E4B-D73B-4DC6-AC2D-66A6264B2298}.Release|Any CPU.ActiveCfg = Release|Any CPU
		{1E522E4B-D73B-4DC6-AC2D-66A6264B2298}.Release|Any CPU.Build.0 = Release|Any CPU
		{64613154-87F4-4574-BEBD-7B66B9D28595}.Debug|Any CPU.ActiveCfg = Debug|Any CPU
		{64613154-87F4-4574-BEBD-7B66B9D28595}.Debug|Any CPU.Build.0 = Debug|Any CPU
		{64613154-87F4-4574-BEBD-7B66B9D28595}.Release|Any CPU.ActiveCfg = Release|Any CPU
		{64613154-87F4-4574-BEBD-7B66B9D28595}.Release|Any CPU.Build.0 = Release|Any CPU
		{04DCFB9E-BF53-4360-8127-C075C48D6FEC}.Debug|Any CPU.ActiveCfg = Debug|Any CPU
		{04DCFB9E-BF53-4360-8127-C075C48D6FEC}.Debug|Any CPU.Build.0 = Debug|Any CPU
		{04DCFB9E-BF53-4360-8127-C075C48D6FEC}.Release|Any CPU.ActiveCfg = Release|Any CPU
		{04DCFB9E-BF53-4360-8127-C075C48D6FEC}.Release|Any CPU.Build.0 = Release|Any CPU
		{72AA56CD-0980-43DC-9DF8-87607C037965}.Debug|Any CPU.ActiveCfg = Debug|Any CPU
		{72AA56CD-0980-43DC-9DF8-87607C037965}.Debug|Any CPU.Build.0 = Debug|Any CPU
		{72AA56CD-0980-43DC-9DF8-87607C037965}.Release|Any CPU.ActiveCfg = Release|Any CPU
		{72AA56CD-0980-43DC-9DF8-87607C037965}.Release|Any CPU.Build.0 = Release|Any CPU
		{DBD03EBA-6B37-4DC1-B7DB-D9FA242EBB8B}.Debug|Any CPU.ActiveCfg = Debug|Any CPU
		{DBD03EBA-6B37-4DC1-B7DB-D9FA242EBB8B}.Debug|Any CPU.Build.0 = Debug|Any CPU
		{DBD03EBA-6B37-4DC1-B7DB-D9FA242EBB8B}.Release|Any CPU.ActiveCfg = Release|Any CPU
		{DBD03EBA-6B37-4DC1-B7DB-D9FA242EBB8B}.Release|Any CPU.Build.0 = Release|Any CPU
		{779ADC8E-3E33-49CB-93C5-F927EE65750D}.Debug|Any CPU.ActiveCfg = Debug|Any CPU
		{779ADC8E-3E33-49CB-93C5-F927EE65750D}.Debug|Any CPU.Build.0 = Debug|Any CPU
		{779ADC8E-3E33-49CB-93C5-F927EE65750D}.Release|Any CPU.ActiveCfg = Release|Any CPU
		{779ADC8E-3E33-49CB-93C5-F927EE65750D}.Release|Any CPU.Build.0 = Release|Any CPU
		{7A64F8C9-F32F-40D7-AE72-2271A2DC387C}.Debug|Any CPU.ActiveCfg = Debug|Any CPU
		{7A64F8C9-F32F-40D7-AE72-2271A2DC387C}.Debug|Any CPU.Build.0 = Debug|Any CPU
		{7A64F8C9-F32F-40D7-AE72-2271A2DC387C}.Release|Any CPU.ActiveCfg = Release|Any CPU
		{7A64F8C9-F32F-40D7-AE72-2271A2DC387C}.Release|Any CPU.Build.0 = Release|Any CPU
		{C2A6192A-AB4F-496F-BB18-3E01499AB7FC}.Debug|Any CPU.ActiveCfg = Debug|Any CPU
		{C2A6192A-AB4F-496F-BB18-3E01499AB7FC}.Debug|Any CPU.Build.0 = Debug|Any CPU
		{C2A6192A-AB4F-496F-BB18-3E01499AB7FC}.Release|Any CPU.ActiveCfg = Release|Any CPU
		{C2A6192A-AB4F-496F-BB18-3E01499AB7FC}.Release|Any CPU.Build.0 = Release|Any CPU
		{B941BB13-1949-482C-9551-5B5FED738D6B}.Debug|Any CPU.ActiveCfg = Debug|Any CPU
		{B941BB13-1949-482C-9551-5B5FED738D6B}.Debug|Any CPU.Build.0 = Debug|Any CPU
		{B941BB13-1949-482C-9551-5B5FED738D6B}.Release|Any CPU.ActiveCfg = Release|Any CPU
		{B941BB13-1949-482C-9551-5B5FED738D6B}.Release|Any CPU.Build.0 = Release|Any CPU
		{664D4549-3E2C-43A6-B94F-740703E58D3A}.Debug|Any CPU.ActiveCfg = Debug|Any CPU
		{664D4549-3E2C-43A6-B94F-740703E58D3A}.Debug|Any CPU.Build.0 = Debug|Any CPU
		{664D4549-3E2C-43A6-B94F-740703E58D3A}.Release|Any CPU.ActiveCfg = Release|Any CPU
		{664D4549-3E2C-43A6-B94F-740703E58D3A}.Release|Any CPU.Build.0 = Release|Any CPU
		{351F85E7-1290-4423-B034-92B75CABABC7}.Debug|Any CPU.ActiveCfg = Debug|Any CPU
		{351F85E7-1290-4423-B034-92B75CABABC7}.Debug|Any CPU.Build.0 = Debug|Any CPU
		{351F85E7-1290-4423-B034-92B75CABABC7}.Release|Any CPU.ActiveCfg = Release|Any CPU
		{351F85E7-1290-4423-B034-92B75CABABC7}.Release|Any CPU.Build.0 = Release|Any CPU
	EndGlobalSection
	GlobalSection(SolutionProperties) = preSolution
		HideSolutionNode = FALSE
	EndGlobalSection
	GlobalSection(ExtensibilityGlobals) = postSolution
		SolutionGuid = {5B21DAEA-0F51-43AD-AF29-C1C4075B7F84}
	EndGlobalSection
EndGlobal
