
Microsoft Visual Studio Solution File, Format Version 12.00
# Visual Studio Version 16
VisualStudioVersion = 16.0.29806.167
MinimumVisualStudioVersion = 10.0.40219.1
Project("{9A19103F-16F7-4668-BE54-9A1E7A4F7556}") = "01. Train", "01. Train\01. Train.csproj", "{E62D9F2C-BB6C-409A-967D-B0C3BF0A2031}"
EndProject
Project("{9A19103F-16F7-4668-BE54-9A1E7A4F7556}") = "Common elements", "Common elements\Common elements.csproj", "{EDD5CC22-BB37-47D6-8AC7-325DE2467EFD}"
EndProject
Project("{9A19103F-16F7-4668-BE54-9A1E7A4F7556}") = "03. Zig Zag Arrays", "03. Zig Zag Arrays\03. Zig Zag Arrays.csproj", "{389DC0B6-3378-4D57-8DB1-26CDFEAC772A}"
EndProject
Project("{9A19103F-16F7-4668-BE54-9A1E7A4F7556}") = "04. Array rotation", "04. Array rotation\04. Array rotation.csproj", "{FABA9F7D-1130-4DAE-ADA3-05006E598C9E}"
EndProject
Project("{FAE04EC0-301F-11D3-BF4B-00C04F79EFBC}") = "05. Top integers", "05. Top integers\05. Top integers.csproj", "{5390C492-FE04-4D46-8818-7259F817644B}"
EndProject
Project("{FAE04EC0-301F-11D3-BF4B-00C04F79EFBC}") = "06. Equal Sum", "06. Equal Sum\06. Equal Sum.csproj", "{A69147C6-553F-4AB6-AB43-BF6B21D38262}"
EndProject
Project("{FAE04EC0-301F-11D3-BF4B-00C04F79EFBC}") = "07. Max Sequence of Elements", "07. Max Sequence of Elements\07. Max Sequence of Elements.csproj", "{BF1A897D-7722-44DF-8923-A297E64C0EE1}"
EndProject
Project("{FAE04EC0-301F-11D3-BF4B-00C04F79EFBC}") = "08. Magic Sum", "08. Magic Sum\08. Magic Sum.csproj", "{97268285-7B5F-4A3E-BE73-41F55BE3E479}"
EndProject
Global
	GlobalSection(SolutionConfigurationPlatforms) = preSolution
		Debug|Any CPU = Debug|Any CPU
		Release|Any CPU = Release|Any CPU
	EndGlobalSection
	GlobalSection(ProjectConfigurationPlatforms) = postSolution
		{E62D9F2C-BB6C-409A-967D-B0C3BF0A2031}.Debug|Any CPU.ActiveCfg = Debug|Any CPU
		{E62D9F2C-BB6C-409A-967D-B0C3BF0A2031}.Debug|Any CPU.Build.0 = Debug|Any CPU
		{E62D9F2C-BB6C-409A-967D-B0C3BF0A2031}.Release|Any CPU.ActiveCfg = Release|Any CPU
		{E62D9F2C-BB6C-409A-967D-B0C3BF0A2031}.Release|Any CPU.Build.0 = Release|Any CPU
		{EDD5CC22-BB37-47D6-8AC7-325DE2467EFD}.Debug|Any CPU.ActiveCfg = Debug|Any CPU
		{EDD5CC22-BB37-47D6-8AC7-325DE2467EFD}.Debug|Any CPU.Build.0 = Debug|Any CPU
		{EDD5CC22-BB37-47D6-8AC7-325DE2467EFD}.Release|Any CPU.ActiveCfg = Release|Any CPU
		{EDD5CC22-BB37-47D6-8AC7-325DE2467EFD}.Release|Any CPU.Build.0 = Release|Any CPU
		{389DC0B6-3378-4D57-8DB1-26CDFEAC772A}.Debug|Any CPU.ActiveCfg = Debug|Any CPU
		{389DC0B6-3378-4D57-8DB1-26CDFEAC772A}.Debug|Any CPU.Build.0 = Debug|Any CPU
		{389DC0B6-3378-4D57-8DB1-26CDFEAC772A}.Release|Any CPU.ActiveCfg = Release|Any CPU
		{389DC0B6-3378-4D57-8DB1-26CDFEAC772A}.Release|Any CPU.Build.0 = Release|Any CPU
		{FABA9F7D-1130-4DAE-ADA3-05006E598C9E}.Debug|Any CPU.ActiveCfg = Debug|Any CPU
		{FABA9F7D-1130-4DAE-ADA3-05006E598C9E}.Debug|Any CPU.Build.0 = Debug|Any CPU
		{FABA9F7D-1130-4DAE-ADA3-05006E598C9E}.Release|Any CPU.ActiveCfg = Release|Any CPU
		{FABA9F7D-1130-4DAE-ADA3-05006E598C9E}.Release|Any CPU.Build.0 = Release|Any CPU
		{5390C492-FE04-4D46-8818-7259F817644B}.Debug|Any CPU.ActiveCfg = Debug|Any CPU
		{5390C492-FE04-4D46-8818-7259F817644B}.Debug|Any CPU.Build.0 = Debug|Any CPU
		{5390C492-FE04-4D46-8818-7259F817644B}.Release|Any CPU.ActiveCfg = Release|Any CPU
		{5390C492-FE04-4D46-8818-7259F817644B}.Release|Any CPU.Build.0 = Release|Any CPU
		{A69147C6-553F-4AB6-AB43-BF6B21D38262}.Debug|Any CPU.ActiveCfg = Debug|Any CPU
		{A69147C6-553F-4AB6-AB43-BF6B21D38262}.Debug|Any CPU.Build.0 = Debug|Any CPU
		{A69147C6-553F-4AB6-AB43-BF6B21D38262}.Release|Any CPU.ActiveCfg = Release|Any CPU
		{A69147C6-553F-4AB6-AB43-BF6B21D38262}.Release|Any CPU.Build.0 = Release|Any CPU
		{BF1A897D-7722-44DF-8923-A297E64C0EE1}.Debug|Any CPU.ActiveCfg = Debug|Any CPU
		{BF1A897D-7722-44DF-8923-A297E64C0EE1}.Debug|Any CPU.Build.0 = Debug|Any CPU
		{BF1A897D-7722-44DF-8923-A297E64C0EE1}.Release|Any CPU.ActiveCfg = Release|Any CPU
		{BF1A897D-7722-44DF-8923-A297E64C0EE1}.Release|Any CPU.Build.0 = Release|Any CPU
		{97268285-7B5F-4A3E-BE73-41F55BE3E479}.Debug|Any CPU.ActiveCfg = Debug|Any CPU
		{97268285-7B5F-4A3E-BE73-41F55BE3E479}.Debug|Any CPU.Build.0 = Debug|Any CPU
		{97268285-7B5F-4A3E-BE73-41F55BE3E479}.Release|Any CPU.ActiveCfg = Release|Any CPU
		{97268285-7B5F-4A3E-BE73-41F55BE3E479}.Release|Any CPU.Build.0 = Release|Any CPU
	EndGlobalSection
	GlobalSection(SolutionProperties) = preSolution
		HideSolutionNode = FALSE
	EndGlobalSection
	GlobalSection(ExtensibilityGlobals) = postSolution
		SolutionGuid = {30C21BC8-8626-4029-8ACE-72FF0956374D}
	EndGlobalSection
EndGlobal
