
Microsoft Visual Studio Solution File, Format Version 12.00
# Visual Studio Version 16
VisualStudioVersion = 16.0.29806.167
MinimumVisualStudioVersion = 10.0.40219.1
Project("{FAE04EC0-301F-11D3-BF4B-00C04F79EFBC}") = "EncapsulationExcersise", "EncapsulationExcersise\EncapsulationExcersise.csproj", "{4FCEF091-4D0F-433F-BFA6-B9F010E7E732}"
EndProject
Global
	GlobalSection(SolutionConfigurationPlatforms) = preSolution
		Debug|Any CPU = Debug|Any CPU
		Release|Any CPU = Release|Any CPU
	EndGlobalSection
	GlobalSection(ProjectConfigurationPlatforms) = postSolution
		{4FCEF091-4D0F-433F-BFA6-B9F010E7E732}.Debug|Any CPU.ActiveCfg = Debug|Any CPU
		{4FCEF091-4D0F-433F-BFA6-B9F010E7E732}.Debug|Any CPU.Build.0 = Debug|Any CPU
		{4FCEF091-4D0F-433F-BFA6-B9F010E7E732}.Release|Any CPU.ActiveCfg = Release|Any CPU
		{4FCEF091-4D0F-433F-BFA6-B9F010E7E732}.Release|Any CPU.Build.0 = Release|Any CPU
	EndGlobalSection
	GlobalSection(SolutionProperties) = preSolution
		HideSolutionNode = FALSE
	EndGlobalSection
	GlobalSection(ExtensibilityGlobals) = postSolution
		SolutionGuid = {453F2B19-32DD-4201-9D8C-36B8229E78C2}
	EndGlobalSection
EndGlobal
