
Microsoft Visual Studio Solution File, Format Version 12.00
# Visual Studio Version 17
VisualStudioVersion = 17.4.33213.308
MinimumVisualStudioVersion = 10.0.40219.1
Project("{9A19103F-16F7-4668-BE54-9A1E7A4F7556}") = "01.DiagonalDifference", "01.DiagonalDifference\01.DiagonalDifference.csproj", "{D60E3DDD-EA2B-42E8-9A64-A2562C21E120}"
EndProject
Project("{9A19103F-16F7-4668-BE54-9A1E7A4F7556}") = "02.SquaresInMatrix", "02.SquaresInMatrix\02.SquaresInMatrix.csproj", "{54818393-91BF-4FA1-9CBD-622AB78C8964}"
EndProject
Project("{9A19103F-16F7-4668-BE54-9A1E7A4F7556}") = "03.MaximalSum", "03.MaximalSum\03.MaximalSum.csproj", "{7631E2D6-4D69-4ECB-81A7-E646CC594F1C}"
EndProject
Project("{9A19103F-16F7-4668-BE54-9A1E7A4F7556}") = "04.MatrixShuffling", "04.MatrixShuffling\04.MatrixShuffling.csproj", "{3926D244-A90B-4F34-8F64-9BC060EF1CD9}"
EndProject
Project("{9A19103F-16F7-4668-BE54-9A1E7A4F7556}") = "05.SnakeMoves", "05.SnakeMoves\05.SnakeMoves.csproj", "{772E2CAD-6175-4455-9B22-E7F75FDC5CDA}"
EndProject
Project("{9A19103F-16F7-4668-BE54-9A1E7A4F7556}") = "06.JaggedArrayManipulator", "06.JaggedArrayManipulator\06.JaggedArrayManipulator.csproj", "{19CFF0C2-FCC9-4C45-92AC-3F7691F33FED}"
EndProject
Project("{9A19103F-16F7-4668-BE54-9A1E7A4F7556}") = "07.KnightGame", "07.KnightGame\07.KnightGame.csproj", "{057B55A0-EC51-4285-9A6E-F6C05BE5B2F1}"
EndProject
Project("{9A19103F-16F7-4668-BE54-9A1E7A4F7556}") = "08.Bombs", "08.Bombs\08.Bombs.csproj", "{C43824DA-0C2D-40BB-AD2A-4CF099297CAC}"
EndProject
Project("{FAE04EC0-301F-11D3-BF4B-00C04F79EFBC}") = "09.Miner", "09.Miner\09.Miner.csproj", "{B06A3DE0-379A-4DAD-99FC-9CDEF23CFC69}"
EndProject
Global
	GlobalSection(SolutionConfigurationPlatforms) = preSolution
		Debug|Any CPU = Debug|Any CPU
		Release|Any CPU = Release|Any CPU
	EndGlobalSection
	GlobalSection(ProjectConfigurationPlatforms) = postSolution
		{D60E3DDD-EA2B-42E8-9A64-A2562C21E120}.Debug|Any CPU.ActiveCfg = Debug|Any CPU
		{D60E3DDD-EA2B-42E8-9A64-A2562C21E120}.Debug|Any CPU.Build.0 = Debug|Any CPU
		{D60E3DDD-EA2B-42E8-9A64-A2562C21E120}.Release|Any CPU.ActiveCfg = Release|Any CPU
		{D60E3DDD-EA2B-42E8-9A64-A2562C21E120}.Release|Any CPU.Build.0 = Release|Any CPU
		{54818393-91BF-4FA1-9CBD-622AB78C8964}.Debug|Any CPU.ActiveCfg = Debug|Any CPU
		{54818393-91BF-4FA1-9CBD-622AB78C8964}.Debug|Any CPU.Build.0 = Debug|Any CPU
		{54818393-91BF-4FA1-9CBD-622AB78C8964}.Release|Any CPU.ActiveCfg = Release|Any CPU
		{54818393-91BF-4FA1-9CBD-622AB78C8964}.Release|Any CPU.Build.0 = Release|Any CPU
		{7631E2D6-4D69-4ECB-81A7-E646CC594F1C}.Debug|Any CPU.ActiveCfg = Debug|Any CPU
		{7631E2D6-4D69-4ECB-81A7-E646CC594F1C}.Debug|Any CPU.Build.0 = Debug|Any CPU
		{7631E2D6-4D69-4ECB-81A7-E646CC594F1C}.Release|Any CPU.ActiveCfg = Release|Any CPU
		{7631E2D6-4D69-4ECB-81A7-E646CC594F1C}.Release|Any CPU.Build.0 = Release|Any CPU
		{3926D244-A90B-4F34-8F64-9BC060EF1CD9}.Debug|Any CPU.ActiveCfg = Debug|Any CPU
		{3926D244-A90B-4F34-8F64-9BC060EF1CD9}.Debug|Any CPU.Build.0 = Debug|Any CPU
		{3926D244-A90B-4F34-8F64-9BC060EF1CD9}.Release|Any CPU.ActiveCfg = Release|Any CPU
		{3926D244-A90B-4F34-8F64-9BC060EF1CD9}.Release|Any CPU.Build.0 = Release|Any CPU
		{772E2CAD-6175-4455-9B22-E7F75FDC5CDA}.Debug|Any CPU.ActiveCfg = Debug|Any CPU
		{772E2CAD-6175-4455-9B22-E7F75FDC5CDA}.Debug|Any CPU.Build.0 = Debug|Any CPU
		{772E2CAD-6175-4455-9B22-E7F75FDC5CDA}.Release|Any CPU.ActiveCfg = Release|Any CPU
		{772E2CAD-6175-4455-9B22-E7F75FDC5CDA}.Release|Any CPU.Build.0 = Release|Any CPU
		{19CFF0C2-FCC9-4C45-92AC-3F7691F33FED}.Debug|Any CPU.ActiveCfg = Debug|Any CPU
		{19CFF0C2-FCC9-4C45-92AC-3F7691F33FED}.Debug|Any CPU.Build.0 = Debug|Any CPU
		{19CFF0C2-FCC9-4C45-92AC-3F7691F33FED}.Release|Any CPU.ActiveCfg = Release|Any CPU
		{19CFF0C2-FCC9-4C45-92AC-3F7691F33FED}.Release|Any CPU.Build.0 = Release|Any CPU
		{057B55A0-EC51-4285-9A6E-F6C05BE5B2F1}.Debug|Any CPU.ActiveCfg = Debug|Any CPU
		{057B55A0-EC51-4285-9A6E-F6C05BE5B2F1}.Debug|Any CPU.Build.0 = Debug|Any CPU
		{057B55A0-EC51-4285-9A6E-F6C05BE5B2F1}.Release|Any CPU.ActiveCfg = Release|Any CPU
		{057B55A0-EC51-4285-9A6E-F6C05BE5B2F1}.Release|Any CPU.Build.0 = Release|Any CPU
		{C43824DA-0C2D-40BB-AD2A-4CF099297CAC}.Debug|Any CPU.ActiveCfg = Debug|Any CPU
		{C43824DA-0C2D-40BB-AD2A-4CF099297CAC}.Debug|Any CPU.Build.0 = Debug|Any CPU
		{C43824DA-0C2D-40BB-AD2A-4CF099297CAC}.Release|Any CPU.ActiveCfg = Release|Any CPU
		{C43824DA-0C2D-40BB-AD2A-4CF099297CAC}.Release|Any CPU.Build.0 = Release|Any CPU
		{B06A3DE0-379A-4DAD-99FC-9CDEF23CFC69}.Debug|Any CPU.ActiveCfg = Debug|Any CPU
		{B06A3DE0-379A-4DAD-99FC-9CDEF23CFC69}.Debug|Any CPU.Build.0 = Debug|Any CPU
		{B06A3DE0-379A-4DAD-99FC-9CDEF23CFC69}.Release|Any CPU.ActiveCfg = Release|Any CPU
		{B06A3DE0-379A-4DAD-99FC-9CDEF23CFC69}.Release|Any CPU.Build.0 = Release|Any CPU
	EndGlobalSection
	GlobalSection(SolutionProperties) = preSolution
		HideSolutionNode = FALSE
	EndGlobalSection
	GlobalSection(ExtensibilityGlobals) = postSolution
		SolutionGuid = {58442E98-ABB4-4ADD-8133-EA11FA07E553}
	EndGlobalSection
EndGlobal
