
Microsoft Visual Studio Solution File, Format Version 12.00
# Visual Studio Version 16
VisualStudioVersion = 16.0.29709.97
MinimumVisualStudioVersion = 10.0.40219.1
Project("{FAE04EC0-301F-11D3-BF4B-00C04F79EFBC}") = "ReadText", "WhileLoops\ReadText.csproj", "{C07D64F1-669D-4684-9DA2-2B82E6E22E2C}"
EndProject
Project("{FAE04EC0-301F-11D3-BF4B-00C04F79EFBC}") = "Password", "Password\Password.csproj", "{2FBAC63A-1267-4977-90E1-7E6191F1A9A8}"
EndProject
Project("{FAE04EC0-301F-11D3-BF4B-00C04F79EFBC}") = "SumNumbers", "SumNumbers\SumNumbers.csproj", "{2F3A8538-4BF6-42C7-8795-60E6059C8ABE}"
EndProject
Project("{FAE04EC0-301F-11D3-BF4B-00C04F79EFBC}") = "Sequence2K+1", "Sequence2K+1\Sequence2K+1.csproj", "{12981B31-1956-42D9-8BC6-037426F712EF}"
EndProject
Project("{FAE04EC0-301F-11D3-BF4B-00C04F79EFBC}") = "AccountBalance", "AccountBalance\AccountBalance.csproj", "{6F7BCA5E-AC44-4BC1-B3B4-6AFD36558EA3}"
EndProject
Project("{FAE04EC0-301F-11D3-BF4B-00C04F79EFBC}") = "MaxNumber", "MaxNumber\MaxNumber.csproj", "{13BB93E5-E0E5-49C3-8AB8-1B0C7294C22B}"
EndProject
Project("{FAE04EC0-301F-11D3-BF4B-00C04F79EFBC}") = "MinNumber", "MinNumber\MinNumber.csproj", "{C0B1EA79-DDDB-4FBD-B483-61DAD1F46DAE}"
EndProject
Project("{FAE04EC0-301F-11D3-BF4B-00C04F79EFBC}") = "Graduation", "Graduation\Graduation.csproj", "{FC150815-6AA7-4EBE-8971-92E46A9612E4}"
EndProject
Project("{FAE04EC0-301F-11D3-BF4B-00C04F79EFBC}") = "Graduation pt.2", "Graduation pt.2\Graduation pt.2.csproj", "{A821F3FE-FBCE-4821-AE7E-8484953A39D6}"
EndProject
Project("{FAE04EC0-301F-11D3-BF4B-00C04F79EFBC}") = "Moving", "Moving\Moving.csproj", "{A5E5A8BC-9772-4F1E-A2D0-151F08201895}"
EndProject
Project("{FAE04EC0-301F-11D3-BF4B-00C04F79EFBC}") = "OldBooks", "OldBooks\OldBooks.csproj", "{16FD4DDC-1217-4655-9F40-9B00CD862A03}"
EndProject
Project("{FAE04EC0-301F-11D3-BF4B-00C04F79EFBC}") = "ExamPreparation", "ExamPreparation\ExamPreparation.csproj", "{46FD069A-3DD3-4AC8-8359-22EC699F8278}"
EndProject
Project("{FAE04EC0-301F-11D3-BF4B-00C04F79EFBC}") = "Vacation", "Vacation\Vacation.csproj", "{9C371042-1432-484C-A7AE-7B54E2E5CFC6}"
EndProject
Project("{FAE04EC0-301F-11D3-BF4B-00C04F79EFBC}") = "Walking", "Walking\Walking.csproj", "{785C9F6E-21BF-4CFA-9617-6099528A38E8}"
EndProject
Project("{FAE04EC0-301F-11D3-BF4B-00C04F79EFBC}") = "Coins", "Coins\Coins.csproj", "{D0C69920-3D38-4F60-9EF5-C24AA52E28D8}"
EndProject
Project("{FAE04EC0-301F-11D3-BF4B-00C04F79EFBC}") = "Cake", "Cake\Cake.csproj", "{0C3FBA3B-A585-485F-9065-03A9F7B5CBAC}"
EndProject
Global
	GlobalSection(SolutionConfigurationPlatforms) = preSolution
		Debug|Any CPU = Debug|Any CPU
		Release|Any CPU = Release|Any CPU
	EndGlobalSection
	GlobalSection(ProjectConfigurationPlatforms) = postSolution
		{C07D64F1-669D-4684-9DA2-2B82E6E22E2C}.Debug|Any CPU.ActiveCfg = Debug|Any CPU
		{C07D64F1-669D-4684-9DA2-2B82E6E22E2C}.Debug|Any CPU.Build.0 = Debug|Any CPU
		{C07D64F1-669D-4684-9DA2-2B82E6E22E2C}.Release|Any CPU.ActiveCfg = Release|Any CPU
		{C07D64F1-669D-4684-9DA2-2B82E6E22E2C}.Release|Any CPU.Build.0 = Release|Any CPU
		{2FBAC63A-1267-4977-90E1-7E6191F1A9A8}.Debug|Any CPU.ActiveCfg = Debug|Any CPU
		{2FBAC63A-1267-4977-90E1-7E6191F1A9A8}.Debug|Any CPU.Build.0 = Debug|Any CPU
		{2FBAC63A-1267-4977-90E1-7E6191F1A9A8}.Release|Any CPU.ActiveCfg = Release|Any CPU
		{2FBAC63A-1267-4977-90E1-7E6191F1A9A8}.Release|Any CPU.Build.0 = Release|Any CPU
		{2F3A8538-4BF6-42C7-8795-60E6059C8ABE}.Debug|Any CPU.ActiveCfg = Debug|Any CPU
		{2F3A8538-4BF6-42C7-8795-60E6059C8ABE}.Debug|Any CPU.Build.0 = Debug|Any CPU
		{2F3A8538-4BF6-42C7-8795-60E6059C8ABE}.Release|Any CPU.ActiveCfg = Release|Any CPU
		{2F3A8538-4BF6-42C7-8795-60E6059C8ABE}.Release|Any CPU.Build.0 = Release|Any CPU
		{12981B31-1956-42D9-8BC6-037426F712EF}.Debug|Any CPU.ActiveCfg = Debug|Any CPU
		{12981B31-1956-42D9-8BC6-037426F712EF}.Debug|Any CPU.Build.0 = Debug|Any CPU
		{12981B31-1956-42D9-8BC6-037426F712EF}.Release|Any CPU.ActiveCfg = Release|Any CPU
		{12981B31-1956-42D9-8BC6-037426F712EF}.Release|Any CPU.Build.0 = Release|Any CPU
		{6F7BCA5E-AC44-4BC1-B3B4-6AFD36558EA3}.Debug|Any CPU.ActiveCfg = Debug|Any CPU
		{6F7BCA5E-AC44-4BC1-B3B4-6AFD36558EA3}.Debug|Any CPU.Build.0 = Debug|Any CPU
		{6F7BCA5E-AC44-4BC1-B3B4-6AFD36558EA3}.Release|Any CPU.ActiveCfg = Release|Any CPU
		{6F7BCA5E-AC44-4BC1-B3B4-6AFD36558EA3}.Release|Any CPU.Build.0 = Release|Any CPU
		{13BB93E5-E0E5-49C3-8AB8-1B0C7294C22B}.Debug|Any CPU.ActiveCfg = Debug|Any CPU
		{13BB93E5-E0E5-49C3-8AB8-1B0C7294C22B}.Debug|Any CPU.Build.0 = Debug|Any CPU
		{13BB93E5-E0E5-49C3-8AB8-1B0C7294C22B}.Release|Any CPU.ActiveCfg = Release|Any CPU
		{13BB93E5-E0E5-49C3-8AB8-1B0C7294C22B}.Release|Any CPU.Build.0 = Release|Any CPU
		{C0B1EA79-DDDB-4FBD-B483-61DAD1F46DAE}.Debug|Any CPU.ActiveCfg = Debug|Any CPU
		{C0B1EA79-DDDB-4FBD-B483-61DAD1F46DAE}.Debug|Any CPU.Build.0 = Debug|Any CPU
		{C0B1EA79-DDDB-4FBD-B483-61DAD1F46DAE}.Release|Any CPU.ActiveCfg = Release|Any CPU
		{C0B1EA79-DDDB-4FBD-B483-61DAD1F46DAE}.Release|Any CPU.Build.0 = Release|Any CPU
		{FC150815-6AA7-4EBE-8971-92E46A9612E4}.Debug|Any CPU.ActiveCfg = Debug|Any CPU
		{FC150815-6AA7-4EBE-8971-92E46A9612E4}.Debug|Any CPU.Build.0 = Debug|Any CPU
		{FC150815-6AA7-4EBE-8971-92E46A9612E4}.Release|Any CPU.ActiveCfg = Release|Any CPU
		{FC150815-6AA7-4EBE-8971-92E46A9612E4}.Release|Any CPU.Build.0 = Release|Any CPU
		{A821F3FE-FBCE-4821-AE7E-8484953A39D6}.Debug|Any CPU.ActiveCfg = Debug|Any CPU
		{A821F3FE-FBCE-4821-AE7E-8484953A39D6}.Debug|Any CPU.Build.0 = Debug|Any CPU
		{A821F3FE-FBCE-4821-AE7E-8484953A39D6}.Release|Any CPU.ActiveCfg = Release|Any CPU
		{A821F3FE-FBCE-4821-AE7E-8484953A39D6}.Release|Any CPU.Build.0 = Release|Any CPU
		{A5E5A8BC-9772-4F1E-A2D0-151F08201895}.Debug|Any CPU.ActiveCfg = Debug|Any CPU
		{A5E5A8BC-9772-4F1E-A2D0-151F08201895}.Debug|Any CPU.Build.0 = Debug|Any CPU
		{A5E5A8BC-9772-4F1E-A2D0-151F08201895}.Release|Any CPU.ActiveCfg = Release|Any CPU
		{A5E5A8BC-9772-4F1E-A2D0-151F08201895}.Release|Any CPU.Build.0 = Release|Any CPU
		{16FD4DDC-1217-4655-9F40-9B00CD862A03}.Debug|Any CPU.ActiveCfg = Debug|Any CPU
		{16FD4DDC-1217-4655-9F40-9B00CD862A03}.Debug|Any CPU.Build.0 = Debug|Any CPU
		{16FD4DDC-1217-4655-9F40-9B00CD862A03}.Release|Any CPU.ActiveCfg = Release|Any CPU
		{16FD4DDC-1217-4655-9F40-9B00CD862A03}.Release|Any CPU.Build.0 = Release|Any CPU
		{46FD069A-3DD3-4AC8-8359-22EC699F8278}.Debug|Any CPU.ActiveCfg = Debug|Any CPU
		{46FD069A-3DD3-4AC8-8359-22EC699F8278}.Debug|Any CPU.Build.0 = Debug|Any CPU
		{46FD069A-3DD3-4AC8-8359-22EC699F8278}.Release|Any CPU.ActiveCfg = Release|Any CPU
		{46FD069A-3DD3-4AC8-8359-22EC699F8278}.Release|Any CPU.Build.0 = Release|Any CPU
		{9C371042-1432-484C-A7AE-7B54E2E5CFC6}.Debug|Any CPU.ActiveCfg = Debug|Any CPU
		{9C371042-1432-484C-A7AE-7B54E2E5CFC6}.Debug|Any CPU.Build.0 = Debug|Any CPU
		{9C371042-1432-484C-A7AE-7B54E2E5CFC6}.Release|Any CPU.ActiveCfg = Release|Any CPU
		{9C371042-1432-484C-A7AE-7B54E2E5CFC6}.Release|Any CPU.Build.0 = Release|Any CPU
		{785C9F6E-21BF-4CFA-9617-6099528A38E8}.Debug|Any CPU.ActiveCfg = Debug|Any CPU
		{785C9F6E-21BF-4CFA-9617-6099528A38E8}.Debug|Any CPU.Build.0 = Debug|Any CPU
		{785C9F6E-21BF-4CFA-9617-6099528A38E8}.Release|Any CPU.ActiveCfg = Release|Any CPU
		{785C9F6E-21BF-4CFA-9617-6099528A38E8}.Release|Any CPU.Build.0 = Release|Any CPU
		{D0C69920-3D38-4F60-9EF5-C24AA52E28D8}.Debug|Any CPU.ActiveCfg = Debug|Any CPU
		{D0C69920-3D38-4F60-9EF5-C24AA52E28D8}.Debug|Any CPU.Build.0 = Debug|Any CPU
		{D0C69920-3D38-4F60-9EF5-C24AA52E28D8}.Release|Any CPU.ActiveCfg = Release|Any CPU
		{D0C69920-3D38-4F60-9EF5-C24AA52E28D8}.Release|Any CPU.Build.0 = Release|Any CPU
		{0C3FBA3B-A585-485F-9065-03A9F7B5CBAC}.Debug|Any CPU.ActiveCfg = Debug|Any CPU
		{0C3FBA3B-A585-485F-9065-03A9F7B5CBAC}.Debug|Any CPU.Build.0 = Debug|Any CPU
		{0C3FBA3B-A585-485F-9065-03A9F7B5CBAC}.Release|Any CPU.ActiveCfg = Release|Any CPU
		{0C3FBA3B-A585-485F-9065-03A9F7B5CBAC}.Release|Any CPU.Build.0 = Release|Any CPU
	EndGlobalSection
	GlobalSection(SolutionProperties) = preSolution
		HideSolutionNode = FALSE
	EndGlobalSection
	GlobalSection(ExtensibilityGlobals) = postSolution
		SolutionGuid = {37320A9F-38E5-4FCF-9DF8-03B3C239A23E}
	EndGlobalSection
EndGlobal
