
Microsoft Visual Studio Solution File, Format Version 12.00
# Visual Studio Version 16
VisualStudioVersion = 16.0.29806.167
MinimumVisualStudioVersion = 10.0.40219.1
Project("{FAE04EC0-301F-11D3-BF4B-00C04F79EFBC}") = "01. Data Types", "01. Data Types\01. Data Types.csproj", "{EDE00AB3-6F9F-40AD-9C3E-1B5C50AF2683}"
EndProject
Global
	GlobalSection(SolutionConfigurationPlatforms) = preSolution
		Debug|Any CPU = Debug|Any CPU
		Release|Any CPU = Release|Any CPU
	EndGlobalSection
	GlobalSection(ProjectConfigurationPlatforms) = postSolution
		{EDE00AB3-6F9F-40AD-9C3E-1B5C50AF2683}.Debug|Any CPU.ActiveCfg = Debug|Any CPU
		{EDE00AB3-6F9F-40AD-9C3E-1B5C50AF2683}.Debug|Any CPU.Build.0 = Debug|Any CPU
		{EDE00AB3-6F9F-40AD-9C3E-1B5C50AF2683}.Release|Any CPU.ActiveCfg = Release|Any CPU
		{EDE00AB3-6F9F-40AD-9C3E-1B5C50AF2683}.Release|Any CPU.Build.0 = Release|Any CPU
	EndGlobalSection
	GlobalSection(SolutionProperties) = preSolution
		HideSolutionNode = FALSE
	EndGlobalSection
	GlobalSection(ExtensibilityGlobals) = postSolution
		SolutionGuid = {334F1C3F-E2FE-483D-8765-538B348A5714}
	EndGlobalSection
EndGlobal
