
Microsoft Visual Studio Solution File, Format Version 12.00
# Visual Studio Version 16
VisualStudioVersion = 16.0.29806.167
MinimumVisualStudioVersion = 10.0.40219.1
Project("{FAE04EC0-301F-11D3-BF4B-00C04F79EFBC}") = "Intro and Basic syntax 2.0", "Intro and Basic syntax 2.0\Intro and Basic syntax 2.0.csproj", "{B38F6731-FE08-4073-8FBD-7A874D3CEEAC}"
EndProject
Project("{FAE04EC0-301F-11D3-BF4B-00C04F79EFBC}") = "Division", "Division\Division.csproj", "{99658EAE-47DE-4BF2-BE88-D4BCE8AF6DEF}"
EndProject
Project("{FAE04EC0-301F-11D3-BF4B-00C04F79EFBC}") = "Vacation", "Vacation\Vacation.csproj", "{F67ED0E8-1C82-4110-A0AB-D7DE08204A28}"
EndProject
Project("{FAE04EC0-301F-11D3-BF4B-00C04F79EFBC}") = "Print and Sum", "Print and Sum\Print and Sum.csproj", "{A6011A7E-3DEF-4A0C-89F8-D0761E285DA7}"
EndProject
Project("{FAE04EC0-301F-11D3-BF4B-00C04F79EFBC}") = "Login", "Login\Login.csproj", "{4450FD2A-2D15-4FEC-8A73-22CC89B7D247}"
EndProject
Project("{FAE04EC0-301F-11D3-BF4B-00C04F79EFBC}") = "Strong number", "Strong number\Strong number.csproj", "{66C387DA-739E-4D5F-A80A-B51386530611}"
EndProject
Project("{FAE04EC0-301F-11D3-BF4B-00C04F79EFBC}") = "Vending machine", "Vending machine\Vending machine.csproj", "{5280301A-BA55-4DE3-909E-832C29FE730E}"
EndProject
Project("{FAE04EC0-301F-11D3-BF4B-00C04F79EFBC}") = "Triangle of numbers", "Triangle of numbers\Triangle of numbers.csproj", "{DAFD42E5-6B2B-4EB6-BC8A-E8829A909EFD}"
EndProject
Project("{FAE04EC0-301F-11D3-BF4B-00C04F79EFBC}") = "Padawan equipment", "Padawan equipment\Padawan equipment.csproj", "{7E84D0DD-AA9D-4EF0-9A56-81E68AB8B7DB}"
EndProject
Project("{FAE04EC0-301F-11D3-BF4B-00C04F79EFBC}") = "Rage expenses", "Rage expenses\Rage expenses.csproj", "{C6289698-C561-4A4A-B1B4-2C8533A86639}"
EndProject
Project("{FAE04EC0-301F-11D3-BF4B-00C04F79EFBC}") = "English name of last digit", "English name of last digit\English name of last digit.csproj", "{C75008FF-0767-48BA-905A-EC3071D8EACE}"
EndProject
Project("{FAE04EC0-301F-11D3-BF4B-00C04F79EFBC}") = "Gaming store", "Gaming store\Gaming store.csproj", "{010A3535-D1EB-4064-AB58-8EDEDCD73211}"
EndProject
Project("{FAE04EC0-301F-11D3-BF4B-00C04F79EFBC}") = "Reverse string", "Reverse string\Reverse string.csproj", "{EA2300D3-0697-4E58-A26B-387AED3730DB}"
EndProject
Project("{FAE04EC0-301F-11D3-BF4B-00C04F79EFBC}") = "Messages", "Messages\Messages.csproj", "{005C32BE-8B79-4F77-A314-1775A9301975}"
EndProject
Global
	GlobalSection(SolutionConfigurationPlatforms) = preSolution
		Debug|Any CPU = Debug|Any CPU
		Release|Any CPU = Release|Any CPU
	EndGlobalSection
	GlobalSection(ProjectConfigurationPlatforms) = postSolution
		{B38F6731-FE08-4073-8FBD-7A874D3CEEAC}.Debug|Any CPU.ActiveCfg = Debug|Any CPU
		{B38F6731-FE08-4073-8FBD-7A874D3CEEAC}.Debug|Any CPU.Build.0 = Debug|Any CPU
		{B38F6731-FE08-4073-8FBD-7A874D3CEEAC}.Release|Any CPU.ActiveCfg = Release|Any CPU
		{B38F6731-FE08-4073-8FBD-7A874D3CEEAC}.Release|Any CPU.Build.0 = Release|Any CPU
		{99658EAE-47DE-4BF2-BE88-D4BCE8AF6DEF}.Debug|Any CPU.ActiveCfg = Debug|Any CPU
		{99658EAE-47DE-4BF2-BE88-D4BCE8AF6DEF}.Debug|Any CPU.Build.0 = Debug|Any CPU
		{99658EAE-47DE-4BF2-BE88-D4BCE8AF6DEF}.Release|Any CPU.ActiveCfg = Release|Any CPU
		{99658EAE-47DE-4BF2-BE88-D4BCE8AF6DEF}.Release|Any CPU.Build.0 = Release|Any CPU
		{F67ED0E8-1C82-4110-A0AB-D7DE08204A28}.Debug|Any CPU.ActiveCfg = Debug|Any CPU
		{F67ED0E8-1C82-4110-A0AB-D7DE08204A28}.Debug|Any CPU.Build.0 = Debug|Any CPU
		{F67ED0E8-1C82-4110-A0AB-D7DE08204A28}.Release|Any CPU.ActiveCfg = Release|Any CPU
		{F67ED0E8-1C82-4110-A0AB-D7DE08204A28}.Release|Any CPU.Build.0 = Release|Any CPU
		{A6011A7E-3DEF-4A0C-89F8-D0761E285DA7}.Debug|Any CPU.ActiveCfg = Debug|Any CPU
		{A6011A7E-3DEF-4A0C-89F8-D0761E285DA7}.Debug|Any CPU.Build.0 = Debug|Any CPU
		{A6011A7E-3DEF-4A0C-89F8-D0761E285DA7}.Release|Any CPU.ActiveCfg = Release|Any CPU
		{A6011A7E-3DEF-4A0C-89F8-D0761E285DA7}.Release|Any CPU.Build.0 = Release|Any CPU
		{4450FD2A-2D15-4FEC-8A73-22CC89B7D247}.Debug|Any CPU.ActiveCfg = Debug|Any CPU
		{4450FD2A-2D15-4FEC-8A73-22CC89B7D247}.Debug|Any CPU.Build.0 = Debug|Any CPU
		{4450FD2A-2D15-4FEC-8A73-22CC89B7D247}.Release|Any CPU.ActiveCfg = Release|Any CPU
		{4450FD2A-2D15-4FEC-8A73-22CC89B7D247}.Release|Any CPU.Build.0 = Release|Any CPU
		{66C387DA-739E-4D5F-A80A-B51386530611}.Debug|Any CPU.ActiveCfg = Debug|Any CPU
		{66C387DA-739E-4D5F-A80A-B51386530611}.Debug|Any CPU.Build.0 = Debug|Any CPU
		{66C387DA-739E-4D5F-A80A-B51386530611}.Release|Any CPU.ActiveCfg = Release|Any CPU
		{66C387DA-739E-4D5F-A80A-B51386530611}.Release|Any CPU.Build.0 = Release|Any CPU
		{5280301A-BA55-4DE3-909E-832C29FE730E}.Debug|Any CPU.ActiveCfg = Debug|Any CPU
		{5280301A-BA55-4DE3-909E-832C29FE730E}.Debug|Any CPU.Build.0 = Debug|Any CPU
		{5280301A-BA55-4DE3-909E-832C29FE730E}.Release|Any CPU.ActiveCfg = Release|Any CPU
		{5280301A-BA55-4DE3-909E-832C29FE730E}.Release|Any CPU.Build.0 = Release|Any CPU
		{DAFD42E5-6B2B-4EB6-BC8A-E8829A909EFD}.Debug|Any CPU.ActiveCfg = Debug|Any CPU
		{DAFD42E5-6B2B-4EB6-BC8A-E8829A909EFD}.Debug|Any CPU.Build.0 = Debug|Any CPU
		{DAFD42E5-6B2B-4EB6-BC8A-E8829A909EFD}.Release|Any CPU.ActiveCfg = Release|Any CPU
		{DAFD42E5-6B2B-4EB6-BC8A-E8829A909EFD}.Release|Any CPU.Build.0 = Release|Any CPU
		{7E84D0DD-AA9D-4EF0-9A56-81E68AB8B7DB}.Debug|Any CPU.ActiveCfg = Debug|Any CPU
		{7E84D0DD-AA9D-4EF0-9A56-81E68AB8B7DB}.Debug|Any CPU.Build.0 = Debug|Any CPU
		{7E84D0DD-AA9D-4EF0-9A56-81E68AB8B7DB}.Release|Any CPU.ActiveCfg = Release|Any CPU
		{7E84D0DD-AA9D-4EF0-9A56-81E68AB8B7DB}.Release|Any CPU.Build.0 = Release|Any CPU
		{C6289698-C561-4A4A-B1B4-2C8533A86639}.Debug|Any CPU.ActiveCfg = Debug|Any CPU
		{C6289698-C561-4A4A-B1B4-2C8533A86639}.Debug|Any CPU.Build.0 = Debug|Any CPU
		{C6289698-C561-4A4A-B1B4-2C8533A86639}.Release|Any CPU.ActiveCfg = Release|Any CPU
		{C6289698-C561-4A4A-B1B4-2C8533A86639}.Release|Any CPU.Build.0 = Release|Any CPU
		{C75008FF-0767-48BA-905A-EC3071D8EACE}.Debug|Any CPU.ActiveCfg = Debug|Any CPU
		{C75008FF-0767-48BA-905A-EC3071D8EACE}.Debug|Any CPU.Build.0 = Debug|Any CPU
		{C75008FF-0767-48BA-905A-EC3071D8EACE}.Release|Any CPU.ActiveCfg = Release|Any CPU
		{C75008FF-0767-48BA-905A-EC3071D8EACE}.Release|Any CPU.Build.0 = Release|Any CPU
		{010A3535-D1EB-4064-AB58-8EDEDCD73211}.Debug|Any CPU.ActiveCfg = Debug|Any CPU
		{010A3535-D1EB-4064-AB58-8EDEDCD73211}.Debug|Any CPU.Build.0 = Debug|Any CPU
		{010A3535-D1EB-4064-AB58-8EDEDCD73211}.Release|Any CPU.ActiveCfg = Release|Any CPU
		{010A3535-D1EB-4064-AB58-8EDEDCD73211}.Release|Any CPU.Build.0 = Release|Any CPU
		{EA2300D3-0697-4E58-A26B-387AED3730DB}.Debug|Any CPU.ActiveCfg = Debug|Any CPU
		{EA2300D3-0697-4E58-A26B-387AED3730DB}.Debug|Any CPU.Build.0 = Debug|Any CPU
		{EA2300D3-0697-4E58-A26B-387AED3730DB}.Release|Any CPU.ActiveCfg = Release|Any CPU
		{EA2300D3-0697-4E58-A26B-387AED3730DB}.Release|Any CPU.Build.0 = Release|Any CPU
		{005C32BE-8B79-4F77-A314-1775A9301975}.Debug|Any CPU.ActiveCfg = Debug|Any CPU
		{005C32BE-8B79-4F77-A314-1775A9301975}.Debug|Any CPU.Build.0 = Debug|Any CPU
		{005C32BE-8B79-4F77-A314-1775A9301975}.Release|Any CPU.ActiveCfg = Release|Any CPU
		{005C32BE-8B79-4F77-A314-1775A9301975}.Release|Any CPU.Build.0 = Release|Any CPU
	EndGlobalSection
	GlobalSection(SolutionProperties) = preSolution
		HideSolutionNode = FALSE
	EndGlobalSection
	GlobalSection(ExtensibilityGlobals) = postSolution
		SolutionGuid = {6740F4C3-7A9E-4F7A-A8EF-E401A7EFAB2C}
	EndGlobalSection
EndGlobal
