
Microsoft Visual Studio Solution File, Format Version 12.00
# Visual Studio Version 16
VisualStudioVersion = 16.0.29806.167
MinimumVisualStudioVersion = 10.0.40219.1
Project("{FAE04EC0-301F-11D3-BF4B-00C04F79EFBC}") = "01.Warrior'sQuest", "01.Warrior'sQuest\01.Warrior'sQuest.csproj", "{A05C55CA-A9DA-47F3-8463-6612A399C9F1}"
EndProject
Project("{FAE04EC0-301F-11D3-BF4B-00C04F79EFBC}") = "02.BossRush", "02.BossRush\02.BossRush.csproj", "{3106C107-065B-4836-A186-48B998C08E94}"
EndProject
Project("{FAE04EC0-301F-11D3-BF4B-00C04F79EFBC}") = "03.HeroRecruitment", "03.HeroRecruitment\03.HeroRecruitment.csproj", "{5E785315-6C5A-4727-BB90-D0F9E4A3B6B7}"
EndProject
Global
	GlobalSection(SolutionConfigurationPlatforms) = preSolution
		Debug|Any CPU = Debug|Any CPU
		Release|Any CPU = Release|Any CPU
	EndGlobalSection
	GlobalSection(ProjectConfigurationPlatforms) = postSolution
		{A05C55CA-A9DA-47F3-8463-6612A399C9F1}.Debug|Any CPU.ActiveCfg = Debug|Any CPU
		{A05C55CA-A9DA-47F3-8463-6612A399C9F1}.Debug|Any CPU.Build.0 = Debug|Any CPU
		{A05C55CA-A9DA-47F3-8463-6612A399C9F1}.Release|Any CPU.ActiveCfg = Release|Any CPU
		{A05C55CA-A9DA-47F3-8463-6612A399C9F1}.Release|Any CPU.Build.0 = Release|Any CPU
		{3106C107-065B-4836-A186-48B998C08E94}.Debug|Any CPU.ActiveCfg = Debug|Any CPU
		{3106C107-065B-4836-A186-48B998C08E94}.Debug|Any CPU.Build.0 = Debug|Any CPU
		{3106C107-065B-4836-A186-48B998C08E94}.Release|Any CPU.ActiveCfg = Release|Any CPU
		{3106C107-065B-4836-A186-48B998C08E94}.Release|Any CPU.Build.0 = Release|Any CPU
		{5E785315-6C5A-4727-BB90-D0F9E4A3B6B7}.Debug|Any CPU.ActiveCfg = Debug|Any CPU
		{5E785315-6C5A-4727-BB90-D0F9E4A3B6B7}.Debug|Any CPU.Build.0 = Debug|Any CPU
		{5E785315-6C5A-4727-BB90-D0F9E4A3B6B7}.Release|Any CPU.ActiveCfg = Release|Any CPU
		{5E785315-6C5A-4727-BB90-D0F9E4A3B6B7}.Release|Any CPU.Build.0 = Release|Any CPU
	EndGlobalSection
	GlobalSection(SolutionProperties) = preSolution
		HideSolutionNode = FALSE
	EndGlobalSection
	GlobalSection(ExtensibilityGlobals) = postSolution
		SolutionGuid = {564355B6-69A8-4385-A323-79063F22E56B}
	EndGlobalSection
EndGlobal
