
Microsoft Visual Studio Solution File, Format Version 12.00
# Visual Studio Version 16
VisualStudioVersion = 16.0.29709.97
MinimumVisualStudioVersion = 10.0.40219.1
Project("{9A19103F-16F7-4668-BE54-9A1E7A4F7556}") = "NumbersFrom0To100", "Loops\NumbersFrom0To100.csproj", "{04B59309-CE99-4467-8928-1F05E7557193}"
EndProject
Project("{9A19103F-16F7-4668-BE54-9A1E7A4F7556}") = "NumbersFromNTo1", "NumbersFromNTo1\NumbersFromNTo1.csproj", "{23CFF99B-1E50-4B9B-911E-9A576D0AA6A2}"
EndProject
Project("{9A19103F-16F7-4668-BE54-9A1E7A4F7556}") = "Numbers1ToNThrough3", "Numbers1ToNThrough3\Numbers1ToNThrough3.csproj", "{89C0F001-79BF-4F6F-B00C-B2E036E00E1F}"
EndProject
Project("{9A19103F-16F7-4668-BE54-9A1E7A4F7556}") = "EvenPowersOf2", "EvenPowersOf2\EvenPowersOf2.csproj", "{00DD7D40-B6B9-4356-9F85-05A02B2F052F}"
EndProject
Project("{9A19103F-16F7-4668-BE54-9A1E7A4F7556}") = "CharacterSequence", "CharacterSequence\CharacterSequence.csproj", "{7CBCD343-BA9C-41ED-8820-2C88183AD8E7}"
EndProject
Project("{9A19103F-16F7-4668-BE54-9A1E7A4F7556}") = "VowelsSum", "VowelsSum\VowelsSum.csproj", "{9F601E8D-6255-406F-843E-EF7956EEAA0C}"
EndProject
Project("{9A19103F-16F7-4668-BE54-9A1E7A4F7556}") = "SumNumbers", "SumNumbers\SumNumbers.csproj", "{1D211B8B-AB70-4D0E-9316-EB6509A378CF}"
EndProject
Project("{9A19103F-16F7-4668-BE54-9A1E7A4F7556}") = "NumberSequence", "NumberSequence\NumberSequence.csproj", "{5BF9DF91-3689-473F-AB05-02F6A0B375ED}"
EndProject
Project("{9A19103F-16F7-4668-BE54-9A1E7A4F7556}") = "LeftAndRightSum", "LeftAndRightSum\LeftAndRightSum.csproj", "{A4BE4AD0-3750-442C-9BE8-C9F14D212816}"
EndProject
Project("{9A19103F-16F7-4668-BE54-9A1E7A4F7556}") = "OddEvenSum", "OddEvenSum\OddEvenSum.csproj", "{E9FD0FE0-7CF5-4062-919C-00A6238FD6D0}"
EndProject
Project("{9A19103F-16F7-4668-BE54-9A1E7A4F7556}") = "SmartLily", "SmartLily\SmartLily.csproj", "{1299DA4B-E616-444F-A5D3-8856F7AE3F71}"
EndProject
Project("{FAE04EC0-301F-11D3-BF4B-00C04F79EFBC}") = "NumbersEndingIn7", "NumbersEndingIn7\NumbersEndingIn7.csproj", "{FB268D15-34E4-45BC-86B8-DB0497D2406B}"
EndProject
Project("{FAE04EC0-301F-11D3-BF4B-00C04F79EFBC}") = "HalfSumElement", "HalfSumElement\HalfSumElement.csproj", "{EE74B425-95B9-42AB-AB3B-ED214132B762}"
EndProject
Project("{FAE04EC0-301F-11D3-BF4B-00C04F79EFBC}") = "OddOrEvenPosition", "OddOrEvenPosition\OddOrEvenPosition.csproj", "{A6D04977-300C-496F-9342-3C2E6358B89A}"
EndProject
Project("{FAE04EC0-301F-11D3-BF4B-00C04F79EFBC}") = "Histogram", "Histogram\Histogram.csproj", "{B1457950-EDD4-4750-B8BD-896E29AE4AF9}"
EndProject
Project("{FAE04EC0-301F-11D3-BF4B-00C04F79EFBC}") = "DivideWithoutReminder", "DivideWithoutReminder\DivideWithoutReminder.csproj", "{0F9D0930-D637-4BAC-8173-144C82E96BE6}"
EndProject
Project("{FAE04EC0-301F-11D3-BF4B-00C04F79EFBC}") = "Salary", "Salary\Salary.csproj", "{D35DB489-6B80-4352-8F85-A097128F2357}"
EndProject
Global
	GlobalSection(SolutionConfigurationPlatforms) = preSolution
		Debug|Any CPU = Debug|Any CPU
		Release|Any CPU = Release|Any CPU
	EndGlobalSection
	GlobalSection(ProjectConfigurationPlatforms) = postSolution
		{04B59309-CE99-4467-8928-1F05E7557193}.Debug|Any CPU.ActiveCfg = Debug|Any CPU
		{04B59309-CE99-4467-8928-1F05E7557193}.Debug|Any CPU.Build.0 = Debug|Any CPU
		{04B59309-CE99-4467-8928-1F05E7557193}.Release|Any CPU.ActiveCfg = Release|Any CPU
		{04B59309-CE99-4467-8928-1F05E7557193}.Release|Any CPU.Build.0 = Release|Any CPU
		{23CFF99B-1E50-4B9B-911E-9A576D0AA6A2}.Debug|Any CPU.ActiveCfg = Debug|Any CPU
		{23CFF99B-1E50-4B9B-911E-9A576D0AA6A2}.Debug|Any CPU.Build.0 = Debug|Any CPU
		{23CFF99B-1E50-4B9B-911E-9A576D0AA6A2}.Release|Any CPU.ActiveCfg = Release|Any CPU
		{23CFF99B-1E50-4B9B-911E-9A576D0AA6A2}.Release|Any CPU.Build.0 = Release|Any CPU
		{89C0F001-79BF-4F6F-B00C-B2E036E00E1F}.Debug|Any CPU.ActiveCfg = Debug|Any CPU
		{89C0F001-79BF-4F6F-B00C-B2E036E00E1F}.Debug|Any CPU.Build.0 = Debug|Any CPU
		{89C0F001-79BF-4F6F-B00C-B2E036E00E1F}.Release|Any CPU.ActiveCfg = Release|Any CPU
		{89C0F001-79BF-4F6F-B00C-B2E036E00E1F}.Release|Any CPU.Build.0 = Release|Any CPU
		{00DD7D40-B6B9-4356-9F85-05A02B2F052F}.Debug|Any CPU.ActiveCfg = Debug|Any CPU
		{00DD7D40-B6B9-4356-9F85-05A02B2F052F}.Debug|Any CPU.Build.0 = Debug|Any CPU
		{00DD7D40-B6B9-4356-9F85-05A02B2F052F}.Release|Any CPU.ActiveCfg = Release|Any CPU
		{00DD7D40-B6B9-4356-9F85-05A02B2F052F}.Release|Any CPU.Build.0 = Release|Any CPU
		{7CBCD343-BA9C-41ED-8820-2C88183AD8E7}.Debug|Any CPU.ActiveCfg = Debug|Any CPU
		{7CBCD343-BA9C-41ED-8820-2C88183AD8E7}.Debug|Any CPU.Build.0 = Debug|Any CPU
		{7CBCD343-BA9C-41ED-8820-2C88183AD8E7}.Release|Any CPU.ActiveCfg = Release|Any CPU
		{7CBCD343-BA9C-41ED-8820-2C88183AD8E7}.Release|Any CPU.Build.0 = Release|Any CPU
		{9F601E8D-6255-406F-843E-EF7956EEAA0C}.Debug|Any CPU.ActiveCfg = Debug|Any CPU
		{9F601E8D-6255-406F-843E-EF7956EEAA0C}.Debug|Any CPU.Build.0 = Debug|Any CPU
		{9F601E8D-6255-406F-843E-EF7956EEAA0C}.Release|Any CPU.ActiveCfg = Release|Any CPU
		{9F601E8D-6255-406F-843E-EF7956EEAA0C}.Release|Any CPU.Build.0 = Release|Any CPU
		{1D211B8B-AB70-4D0E-9316-EB6509A378CF}.Debug|Any CPU.ActiveCfg = Debug|Any CPU
		{1D211B8B-AB70-4D0E-9316-EB6509A378CF}.Debug|Any CPU.Build.0 = Debug|Any CPU
		{1D211B8B-AB70-4D0E-9316-EB6509A378CF}.Release|Any CPU.ActiveCfg = Release|Any CPU
		{1D211B8B-AB70-4D0E-9316-EB6509A378CF}.Release|Any CPU.Build.0 = Release|Any CPU
		{5BF9DF91-3689-473F-AB05-02F6A0B375ED}.Debug|Any CPU.ActiveCfg = Debug|Any CPU
		{5BF9DF91-3689-473F-AB05-02F6A0B375ED}.Debug|Any CPU.Build.0 = Debug|Any CPU
		{5BF9DF91-3689-473F-AB05-02F6A0B375ED}.Release|Any CPU.ActiveCfg = Release|Any CPU
		{5BF9DF91-3689-473F-AB05-02F6A0B375ED}.Release|Any CPU.Build.0 = Release|Any CPU
		{A4BE4AD0-3750-442C-9BE8-C9F14D212816}.Debug|Any CPU.ActiveCfg = Debug|Any CPU
		{A4BE4AD0-3750-442C-9BE8-C9F14D212816}.Debug|Any CPU.Build.0 = Debug|Any CPU
		{A4BE4AD0-3750-442C-9BE8-C9F14D212816}.Release|Any CPU.ActiveCfg = Release|Any CPU
		{A4BE4AD0-3750-442C-9BE8-C9F14D212816}.Release|Any CPU.Build.0 = Release|Any CPU
		{E9FD0FE0-7CF5-4062-919C-00A6238FD6D0}.Debug|Any CPU.ActiveCfg = Debug|Any CPU
		{E9FD0FE0-7CF5-4062-919C-00A6238FD6D0}.Debug|Any CPU.Build.0 = Debug|Any CPU
		{E9FD0FE0-7CF5-4062-919C-00A6238FD6D0}.Release|Any CPU.ActiveCfg = Release|Any CPU
		{E9FD0FE0-7CF5-4062-919C-00A6238FD6D0}.Release|Any CPU.Build.0 = Release|Any CPU
		{1299DA4B-E616-444F-A5D3-8856F7AE3F71}.Debug|Any CPU.ActiveCfg = Debug|Any CPU
		{1299DA4B-E616-444F-A5D3-8856F7AE3F71}.Debug|Any CPU.Build.0 = Debug|Any CPU
		{1299DA4B-E616-444F-A5D3-8856F7AE3F71}.Release|Any CPU.ActiveCfg = Release|Any CPU
		{1299DA4B-E616-444F-A5D3-8856F7AE3F71}.Release|Any CPU.Build.0 = Release|Any CPU
		{FB268D15-34E4-45BC-86B8-DB0497D2406B}.Debug|Any CPU.ActiveCfg = Debug|Any CPU
		{FB268D15-34E4-45BC-86B8-DB0497D2406B}.Debug|Any CPU.Build.0 = Debug|Any CPU
		{FB268D15-34E4-45BC-86B8-DB0497D2406B}.Release|Any CPU.ActiveCfg = Release|Any CPU
		{FB268D15-34E4-45BC-86B8-DB0497D2406B}.Release|Any CPU.Build.0 = Release|Any CPU
		{EE74B425-95B9-42AB-AB3B-ED214132B762}.Debug|Any CPU.ActiveCfg = Debug|Any CPU
		{EE74B425-95B9-42AB-AB3B-ED214132B762}.Debug|Any CPU.Build.0 = Debug|Any CPU
		{EE74B425-95B9-42AB-AB3B-ED214132B762}.Release|Any CPU.ActiveCfg = Release|Any CPU
		{EE74B425-95B9-42AB-AB3B-ED214132B762}.Release|Any CPU.Build.0 = Release|Any CPU
		{A6D04977-300C-496F-9342-3C2E6358B89A}.Debug|Any CPU.ActiveCfg = Debug|Any CPU
		{A6D04977-300C-496F-9342-3C2E6358B89A}.Debug|Any CPU.Build.0 = Debug|Any CPU
		{A6D04977-300C-496F-9342-3C2E6358B89A}.Release|Any CPU.ActiveCfg = Release|Any CPU
		{A6D04977-300C-496F-9342-3C2E6358B89A}.Release|Any CPU.Build.0 = Release|Any CPU
		{B1457950-EDD4-4750-B8BD-896E29AE4AF9}.Debug|Any CPU.ActiveCfg = Debug|Any CPU
		{B1457950-EDD4-4750-B8BD-896E29AE4AF9}.Debug|Any CPU.Build.0 = Debug|Any CPU
		{B1457950-EDD4-4750-B8BD-896E29AE4AF9}.Release|Any CPU.ActiveCfg = Release|Any CPU
		{B1457950-EDD4-4750-B8BD-896E29AE4AF9}.Release|Any CPU.Build.0 = Release|Any CPU
		{0F9D0930-D637-4BAC-8173-144C82E96BE6}.Debug|Any CPU.ActiveCfg = Debug|Any CPU
		{0F9D0930-D637-4BAC-8173-144C82E96BE6}.Debug|Any CPU.Build.0 = Debug|Any CPU
		{0F9D0930-D637-4BAC-8173-144C82E96BE6}.Release|Any CPU.ActiveCfg = Release|Any CPU
		{0F9D0930-D637-4BAC-8173-144C82E96BE6}.Release|Any CPU.Build.0 = Release|Any CPU
		{D35DB489-6B80-4352-8F85-A097128F2357}.Debug|Any CPU.ActiveCfg = Debug|Any CPU
		{D35DB489-6B80-4352-8F85-A097128F2357}.Debug|Any CPU.Build.0 = Debug|Any CPU
		{D35DB489-6B80-4352-8F85-A097128F2357}.Release|Any CPU.ActiveCfg = Release|Any CPU
		{D35DB489-6B80-4352-8F85-A097128F2357}.Release|Any CPU.Build.0 = Release|Any CPU
	EndGlobalSection
	GlobalSection(SolutionProperties) = preSolution
		HideSolutionNode = FALSE
	EndGlobalSection
	GlobalSection(ExtensibilityGlobals) = postSolution
		SolutionGuid = {3BACB19F-E836-43C7-A215-923D876AFA21}
	EndGlobalSection
EndGlobal
