
Microsoft Visual Studio Solution File, Format Version 12.00
# Visual Studio Version 17
VisualStudioVersion = 17.5.33424.131
MinimumVisualStudioVersion = 10.0.40219.1
Project("{FAE04EC0-301F-11D3-BF4B-00C04F79EFBC}") = "CarManufacturer", "CarManufacturer\CarManufacturer.csproj", "{CB09311B-74CA-4349-AEA3-C69A92E9DB54}"
EndProject
Global
	GlobalSection(SolutionConfigurationPlatforms) = preSolution
		Debug|Any CPU = Debug|Any CPU
		Release|Any CPU = Release|Any CPU
	EndGlobalSection
	GlobalSection(ProjectConfigurationPlatforms) = postSolution
		{CB09311B-74CA-4349-AEA3-C69A92E9DB54}.Debug|Any CPU.ActiveCfg = Debug|Any CPU
		{CB09311B-74CA-4349-AEA3-C69A92E9DB54}.Debug|Any CPU.Build.0 = Debug|Any CPU
		{CB09311B-74CA-4349-AEA3-C69A92E9DB54}.Release|Any CPU.ActiveCfg = Release|Any CPU
		{CB09311B-74CA-4349-AEA3-C69A92E9DB54}.Release|Any CPU.Build.0 = Release|Any CPU
	EndGlobalSection
	GlobalSection(SolutionProperties) = preSolution
		HideSolutionNode = FALSE
	EndGlobalSection
	GlobalSection(ExtensibilityGlobals) = postSolution
		SolutionGuid = {9282F942-333C-4899-B92C-C5D9EC88EB0C}
	EndGlobalSection
EndGlobal
