
Microsoft Visual Studio Solution File, Format Version 12.00
# Visual Studio Version 17
VisualStudioVersion = 17.5.33502.453
MinimumVisualStudioVersion = 10.0.40219.1
Project("{FAE04EC0-301F-11D3-BF4B-00C04F79EFBC}") = "BoxOfT", "BoxOfT\BoxOfT.csproj", "{ACBCEDB3-E8CC-45A9-A7E5-7743E7BF70DC}"
EndProject
Project("{FAE04EC0-301F-11D3-BF4B-00C04F79EFBC}") = "GenericArrayCreator", "GenericArrayCreator\GenericArrayCreator.csproj", "{2DC109ED-E5FF-4013-B755-A1C14AB21A25}"
EndProject
Project("{FAE04EC0-301F-11D3-BF4B-00C04F79EFBC}") = "GenericScale", "GenericScale\GenericScale.csproj", "{57ADEC38-0F83-4694-B243-2E108F45B74A}"
EndProject
Global
	GlobalSection(SolutionConfigurationPlatforms) = preSolution
		Debug|Any CPU = Debug|Any CPU
		Release|Any CPU = Release|Any CPU
	EndGlobalSection
	GlobalSection(ProjectConfigurationPlatforms) = postSolution
		{ACBCEDB3-E8CC-45A9-A7E5-7743E7BF70DC}.Debug|Any CPU.ActiveCfg = Debug|Any CPU
		{ACBCEDB3-E8CC-45A9-A7E5-7743E7BF70DC}.Debug|Any CPU.Build.0 = Debug|Any CPU
		{ACBCEDB3-E8CC-45A9-A7E5-7743E7BF70DC}.Release|Any CPU.ActiveCfg = Release|Any CPU
		{ACBCEDB3-E8CC-45A9-A7E5-7743E7BF70DC}.Release|Any CPU.Build.0 = Release|Any CPU
		{2DC109ED-E5FF-4013-B755-A1C14AB21A25}.Debug|Any CPU.ActiveCfg = Debug|Any CPU
		{2DC109ED-E5FF-4013-B755-A1C14AB21A25}.Debug|Any CPU.Build.0 = Debug|Any CPU
		{2DC109ED-E5FF-4013-B755-A1C14AB21A25}.Release|Any CPU.ActiveCfg = Release|Any CPU
		{2DC109ED-E5FF-4013-B755-A1C14AB21A25}.Release|Any CPU.Build.0 = Release|Any CPU
		{57ADEC38-0F83-4694-B243-2E108F45B74A}.Debug|Any CPU.ActiveCfg = Debug|Any CPU
		{57ADEC38-0F83-4694-B243-2E108F45B74A}.Debug|Any CPU.Build.0 = Debug|Any CPU
		{57ADEC38-0F83-4694-B243-2E108F45B74A}.Release|Any CPU.ActiveCfg = Release|Any CPU
		{57ADEC38-0F83-4694-B243-2E108F45B74A}.Release|Any CPU.Build.0 = Release|Any CPU
	EndGlobalSection
	GlobalSection(SolutionProperties) = preSolution
		HideSolutionNode = FALSE
	EndGlobalSection
	GlobalSection(ExtensibilityGlobals) = postSolution
		SolutionGuid = {57FF2478-976D-41FF-A16F-D5B09CFA2B03}
	EndGlobalSection
EndGlobal
