
Microsoft Visual Studio Solution File, Format Version 12.00
# Visual Studio Version 16
VisualStudioVersion = 16.0.29806.167
MinimumVisualStudioVersion = 10.0.40219.1
Project("{FAE04EC0-301F-11D3-BF4B-00C04F79EFBC}") = "01.SoftuniReception", "FundamentalsMidExam\01.SoftuniReception.csproj", "{72A8A034-DAC7-482D-8B25-476FA25FED4C}"
EndProject
Project("{FAE04EC0-301F-11D3-BF4B-00C04F79EFBC}") = "02.ArrayModifier", "02.ArrayModifier\02.ArrayModifier.csproj", "{75BB2E66-F28D-418D-B0E7-C5DEF1C01F06}"
EndProject
Project("{FAE04EC0-301F-11D3-BF4B-00C04F79EFBC}") = "03.Numbers", "03.Numbers\03.Numbers.csproj", "{C21770D6-3DB2-4AB2-B74B-D27AF36F1A80}"
EndProject
Global
	GlobalSection(SolutionConfigurationPlatforms) = preSolution
		Debug|Any CPU = Debug|Any CPU
		Release|Any CPU = Release|Any CPU
	EndGlobalSection
	GlobalSection(ProjectConfigurationPlatforms) = postSolution
		{72A8A034-DAC7-482D-8B25-476FA25FED4C}.Debug|Any CPU.ActiveCfg = Debug|Any CPU
		{72A8A034-DAC7-482D-8B25-476FA25FED4C}.Debug|Any CPU.Build.0 = Debug|Any CPU
		{72A8A034-DAC7-482D-8B25-476FA25FED4C}.Release|Any CPU.ActiveCfg = Release|Any CPU
		{72A8A034-DAC7-482D-8B25-476FA25FED4C}.Release|Any CPU.Build.0 = Release|Any CPU
		{75BB2E66-F28D-418D-B0E7-C5DEF1C01F06}.Debug|Any CPU.ActiveCfg = Debug|Any CPU
		{75BB2E66-F28D-418D-B0E7-C5DEF1C01F06}.Debug|Any CPU.Build.0 = Debug|Any CPU
		{75BB2E66-F28D-418D-B0E7-C5DEF1C01F06}.Release|Any CPU.ActiveCfg = Release|Any CPU
		{75BB2E66-F28D-418D-B0E7-C5DEF1C01F06}.Release|Any CPU.Build.0 = Release|Any CPU
		{C21770D6-3DB2-4AB2-B74B-D27AF36F1A80}.Debug|Any CPU.ActiveCfg = Debug|Any CPU
		{C21770D6-3DB2-4AB2-B74B-D27AF36F1A80}.Debug|Any CPU.Build.0 = Debug|Any CPU
		{C21770D6-3DB2-4AB2-B74B-D27AF36F1A80}.Release|Any CPU.ActiveCfg = Release|Any CPU
		{C21770D6-3DB2-4AB2-B74B-D27AF36F1A80}.Release|Any CPU.Build.0 = Release|Any CPU
	EndGlobalSection
	GlobalSection(SolutionProperties) = preSolution
		HideSolutionNode = FALSE
	EndGlobalSection
	GlobalSection(ExtensibilityGlobals) = postSolution
		SolutionGuid = {48D0C378-9BF8-4AA7-A71C-48A2CCFD7C5B}
	EndGlobalSection
EndGlobal
