
Microsoft Visual Studio Solution File, Format Version 12.00
# Visual Studio Version 16
VisualStudioVersion = 16.0.29806.167
MinimumVisualStudioVersion = 10.0.40219.1
Project("{9A19103F-16F7-4668-BE54-9A1E7A4F7556}") = "01.CounterStrike", "01.CounterStrike\01.CounterStrike.csproj", "{25A90326-503E-41E7-8BC4-032ECA9D32C9}"
EndProject
Project("{9A19103F-16F7-4668-BE54-9A1E7A4F7556}") = "02.ShootForTheWin", "02.ShootForTheWin\02.ShootForTheWin.csproj", "{2DA277E6-8F66-48B4-A733-6B7589C54756}"
EndProject
Project("{FAE04EC0-301F-11D3-BF4B-00C04F79EFBC}") = "03.MovingTarget", "03.MovingTarget\03.MovingTarget.csproj", "{FD62B6EA-10DA-4A16-AE8F-396D7B5BE148}"
EndProject
Global
	GlobalSection(SolutionConfigurationPlatforms) = preSolution
		Debug|Any CPU = Debug|Any CPU
		Release|Any CPU = Release|Any CPU
	EndGlobalSection
	GlobalSection(ProjectConfigurationPlatforms) = postSolution
		{25A90326-503E-41E7-8BC4-032ECA9D32C9}.Debug|Any CPU.ActiveCfg = Debug|Any CPU
		{25A90326-503E-41E7-8BC4-032ECA9D32C9}.Debug|Any CPU.Build.0 = Debug|Any CPU
		{25A90326-503E-41E7-8BC4-032ECA9D32C9}.Release|Any CPU.ActiveCfg = Release|Any CPU
		{25A90326-503E-41E7-8BC4-032ECA9D32C9}.Release|Any CPU.Build.0 = Release|Any CPU
		{2DA277E6-8F66-48B4-A733-6B7589C54756}.Debug|Any CPU.ActiveCfg = Debug|Any CPU
		{2DA277E6-8F66-48B4-A733-6B7589C54756}.Debug|Any CPU.Build.0 = Debug|Any CPU
		{2DA277E6-8F66-48B4-A733-6B7589C54756}.Release|Any CPU.ActiveCfg = Release|Any CPU
		{2DA277E6-8F66-48B4-A733-6B7589C54756}.Release|Any CPU.Build.0 = Release|Any CPU
		{FD62B6EA-10DA-4A16-AE8F-396D7B5BE148}.Debug|Any CPU.ActiveCfg = Debug|Any CPU
		{FD62B6EA-10DA-4A16-AE8F-396D7B5BE148}.Debug|Any CPU.Build.0 = Debug|Any CPU
		{FD62B6EA-10DA-4A16-AE8F-396D7B5BE148}.Release|Any CPU.ActiveCfg = Release|Any CPU
		{FD62B6EA-10DA-4A16-AE8F-396D7B5BE148}.Release|Any CPU.Build.0 = Release|Any CPU
	EndGlobalSection
	GlobalSection(SolutionProperties) = preSolution
		HideSolutionNode = FALSE
	EndGlobalSection
	GlobalSection(ExtensibilityGlobals) = postSolution
		SolutionGuid = {5C5441DE-2F0A-4028-B411-9FC8C554BE55}
	EndGlobalSection
EndGlobal
