
Microsoft Visual Studio Solution File, Format Version 12.00
# Visual Studio Version 16
VisualStudioVersion = 16.0.29806.167
MinimumVisualStudioVersion = 10.0.40219.1
Project("{FAE04EC0-301F-11D3-BF4B-00C04F79EFBC}") = "01. Santa'sPresentFactory", "01. Santa'sPresentFactory\01. Santa'sPresentFactory.csproj", "{82A58242-E649-4553-9110-120505881DB0}"
EndProject
Project("{FAE04EC0-301F-11D3-BF4B-00C04F79EFBC}") = "02. PresentDelivery", "02. PresentDelivery\02. PresentDelivery.csproj", "{753E9980-6D7B-43D8-81A8-6AE8FCDE12A8}"
EndProject
Project("{FAE04EC0-301F-11D3-BF4B-00C04F79EFBC}") = "SpaceShip", "SpaceShip\SpaceShip.csproj", "{6B95CD44-9DAE-4CD3-A983-3DF473E18162}"
EndProject
Global
	GlobalSection(SolutionConfigurationPlatforms) = preSolution
		Debug|Any CPU = Debug|Any CPU
		Release|Any CPU = Release|Any CPU
	EndGlobalSection
	GlobalSection(ProjectConfigurationPlatforms) = postSolution
		{82A58242-E649-4553-9110-120505881DB0}.Debug|Any CPU.ActiveCfg = Debug|Any CPU
		{82A58242-E649-4553-9110-120505881DB0}.Debug|Any CPU.Build.0 = Debug|Any CPU
		{82A58242-E649-4553-9110-120505881DB0}.Release|Any CPU.ActiveCfg = Release|Any CPU
		{82A58242-E649-4553-9110-120505881DB0}.Release|Any CPU.Build.0 = Release|Any CPU
		{753E9980-6D7B-43D8-81A8-6AE8FCDE12A8}.Debug|Any CPU.ActiveCfg = Debug|Any CPU
		{753E9980-6D7B-43D8-81A8-6AE8FCDE12A8}.Debug|Any CPU.Build.0 = Debug|Any CPU
		{753E9980-6D7B-43D8-81A8-6AE8FCDE12A8}.Release|Any CPU.ActiveCfg = Release|Any CPU
		{753E9980-6D7B-43D8-81A8-6AE8FCDE12A8}.Release|Any CPU.Build.0 = Release|Any CPU
		{6B95CD44-9DAE-4CD3-A983-3DF473E18162}.Debug|Any CPU.ActiveCfg = Debug|Any CPU
		{6B95CD44-9DAE-4CD3-A983-3DF473E18162}.Debug|Any CPU.Build.0 = Debug|Any CPU
		{6B95CD44-9DAE-4CD3-A983-3DF473E18162}.Release|Any CPU.ActiveCfg = Release|Any CPU
		{6B95CD44-9DAE-4CD3-A983-3DF473E18162}.Release|Any CPU.Build.0 = Release|Any CPU
	EndGlobalSection
	GlobalSection(SolutionProperties) = preSolution
		HideSolutionNode = FALSE
	EndGlobalSection
	GlobalSection(ExtensibilityGlobals) = postSolution
		SolutionGuid = {153670C5-8187-43E8-95A0-B881AD191A4F}
	EndGlobalSection
EndGlobal
