
Microsoft Visual Studio Solution File, Format Version 12.00
# Visual Studio Version 16
VisualStudioVersion = 16.0.29806.167
MinimumVisualStudioVersion = 10.0.40219.1
Project("{FAE04EC0-301F-11D3-BF4B-00C04F79EFBC}") = "01.Day of Week", "Day of Week\01.Day of Week.csproj", "{02B7A461-D23E-455C-B1F6-6BDAEB495BCC}"
EndProject
Project("{FAE04EC0-301F-11D3-BF4B-00C04F79EFBC}") = "02. Print numbers in reversed order", "02. Print numbers in reversed order\02. Print numbers in reversed order.csproj", "{C9A9580A-1FE0-420E-81CB-DE6E82460CC0}"
EndProject
Project("{FAE04EC0-301F-11D3-BF4B-00C04F79EFBC}") = "03. Rounding numbers", "03. Rounding numbers\03. Rounding numbers.csproj", "{BB8911B2-9BC1-436B-B212-676A46CF504F}"
EndProject
Project("{FAE04EC0-301F-11D3-BF4B-00C04F79EFBC}") = "04. Revers Array of strings", "04. Revers Array of strings\04. Revers Array of strings.csproj", "{C302163B-62CD-46CA-B488-C5985EED01B5}"
EndProject
Project("{FAE04EC0-301F-11D3-BF4B-00C04F79EFBC}") = "05. Sum even numbers", "05. Sum even numbers\05. Sum even numbers.csproj", "{3CDF3BEF-1E1D-4EDA-B828-9214AD1765DA}"
EndProject
Project("{FAE04EC0-301F-11D3-BF4B-00C04F79EFBC}") = "06. Even and Odd Substraction", "06. Even and Odd Substraction\06. Even and Odd Substraction.csproj", "{BB17B8BC-3F8C-432C-B979-1B7C8CA721A9}"
EndProject
Project("{FAE04EC0-301F-11D3-BF4B-00C04F79EFBC}") = "07. Equal Arrays", "07. Equal Arrays\07. Equal Arrays.csproj", "{4D1EEBA0-5943-4822-9BB6-4B650751942A}"
EndProject
Project("{FAE04EC0-301F-11D3-BF4B-00C04F79EFBC}") = "08. Condense Array to Number", "08. Condense Array to Number\08. Condense Array to Number.csproj", "{E2725EE4-E9A0-4633-91AA-1F4EB955BA15}"
EndProject
Global
	GlobalSection(SolutionConfigurationPlatforms) = preSolution
		Debug|Any CPU = Debug|Any CPU
		Release|Any CPU = Release|Any CPU
	EndGlobalSection
	GlobalSection(ProjectConfigurationPlatforms) = postSolution
		{02B7A461-D23E-455C-B1F6-6BDAEB495BCC}.Debug|Any CPU.ActiveCfg = Debug|Any CPU
		{02B7A461-D23E-455C-B1F6-6BDAEB495BCC}.Debug|Any CPU.Build.0 = Debug|Any CPU
		{02B7A461-D23E-455C-B1F6-6BDAEB495BCC}.Release|Any CPU.ActiveCfg = Release|Any CPU
		{02B7A461-D23E-455C-B1F6-6BDAEB495BCC}.Release|Any CPU.Build.0 = Release|Any CPU
		{C9A9580A-1FE0-420E-81CB-DE6E82460CC0}.Debug|Any CPU.ActiveCfg = Debug|Any CPU
		{C9A9580A-1FE0-420E-81CB-DE6E82460CC0}.Debug|Any CPU.Build.0 = Debug|Any CPU
		{C9A9580A-1FE0-420E-81CB-DE6E82460CC0}.Release|Any CPU.ActiveCfg = Release|Any CPU
		{C9A9580A-1FE0-420E-81CB-DE6E82460CC0}.Release|Any CPU.Build.0 = Release|Any CPU
		{BB8911B2-9BC1-436B-B212-676A46CF504F}.Debug|Any CPU.ActiveCfg = Debug|Any CPU
		{BB8911B2-9BC1-436B-B212-676A46CF504F}.Debug|Any CPU.Build.0 = Debug|Any CPU
		{BB8911B2-9BC1-436B-B212-676A46CF504F}.Release|Any CPU.ActiveCfg = Release|Any CPU
		{BB8911B2-9BC1-436B-B212-676A46CF504F}.Release|Any CPU.Build.0 = Release|Any CPU
		{C302163B-62CD-46CA-B488-C5985EED01B5}.Debug|Any CPU.ActiveCfg = Debug|Any CPU
		{C302163B-62CD-46CA-B488-C5985EED01B5}.Debug|Any CPU.Build.0 = Debug|Any CPU
		{C302163B-62CD-46CA-B488-C5985EED01B5}.Release|Any CPU.ActiveCfg = Release|Any CPU
		{C302163B-62CD-46CA-B488-C5985EED01B5}.Release|Any CPU.Build.0 = Release|Any CPU
		{3CDF3BEF-1E1D-4EDA-B828-9214AD1765DA}.Debug|Any CPU.ActiveCfg = Debug|Any CPU
		{3CDF3BEF-1E1D-4EDA-B828-9214AD1765DA}.Debug|Any CPU.Build.0 = Debug|Any CPU
		{3CDF3BEF-1E1D-4EDA-B828-9214AD1765DA}.Release|Any CPU.ActiveCfg = Release|Any CPU
		{3CDF3BEF-1E1D-4EDA-B828-9214AD1765DA}.Release|Any CPU.Build.0 = Release|Any CPU
		{BB17B8BC-3F8C-432C-B979-1B7C8CA721A9}.Debug|Any CPU.ActiveCfg = Debug|Any CPU
		{BB17B8BC-3F8C-432C-B979-1B7C8CA721A9}.Debug|Any CPU.Build.0 = Debug|Any CPU
		{BB17B8BC-3F8C-432C-B979-1B7C8CA721A9}.Release|Any CPU.ActiveCfg = Release|Any CPU
		{BB17B8BC-3F8C-432C-B979-1B7C8CA721A9}.Release|Any CPU.Build.0 = Release|Any CPU
		{4D1EEBA0-5943-4822-9BB6-4B650751942A}.Debug|Any CPU.ActiveCfg = Debug|Any CPU
		{4D1EEBA0-5943-4822-9BB6-4B650751942A}.Debug|Any CPU.Build.0 = Debug|Any CPU
		{4D1EEBA0-5943-4822-9BB6-4B650751942A}.Release|Any CPU.ActiveCfg = Release|Any CPU
		{4D1EEBA0-5943-4822-9BB6-4B650751942A}.Release|Any CPU.Build.0 = Release|Any CPU
		{E2725EE4-E9A0-4633-91AA-1F4EB955BA15}.Debug|Any CPU.ActiveCfg = Debug|Any CPU
		{E2725EE4-E9A0-4633-91AA-1F4EB955BA15}.Debug|Any CPU.Build.0 = Debug|Any CPU
		{E2725EE4-E9A0-4633-91AA-1F4EB955BA15}.Release|Any CPU.ActiveCfg = Release|Any CPU
		{E2725EE4-E9A0-4633-91AA-1F4EB955BA15}.Release|Any CPU.Build.0 = Release|Any CPU
	EndGlobalSection
	GlobalSection(SolutionProperties) = preSolution
		HideSolutionNode = FALSE
	EndGlobalSection
	GlobalSection(ExtensibilityGlobals) = postSolution
		SolutionGuid = {CCA27601-EA40-4A6F-8188-B8D797BD5AC9}
	EndGlobalSection
EndGlobal
