
Microsoft Visual Studio Solution File, Format Version 12.00
# Visual Studio Version 16
VisualStudioVersion = 16.0.29709.97
MinimumVisualStudioVersion = 10.0.40219.1
Project("{9A19103F-16F7-4668-BE54-9A1E7A4F7556}") = "Clock", "NestedLoops\Clock.csproj", "{6CC21877-DBFF-4712-BE95-C0A05AC0F7F7}"
EndProject
Project("{9A19103F-16F7-4668-BE54-9A1E7A4F7556}") = "MultiplicationTable", "MultiplicationTable\MultiplicationTable.csproj", "{143307B7-C7E4-49A4-A80B-EBFC4B4AE655}"
EndProject
Project("{9A19103F-16F7-4668-BE54-9A1E7A4F7556}") = "Combinations", "Combinations\Combinations.csproj", "{AFE287EA-E49A-49E9-A778-F4194DA537BB}"
EndProject
Project("{9A19103F-16F7-4668-BE54-9A1E7A4F7556}") = "SumOfTwoNumbers", "SumOfTwoNumbers\SumOfTwoNumbers.csproj", "{EA83243C-C0FF-4087-8927-5DADD2B544AC}"
EndProject
Project("{9A19103F-16F7-4668-BE54-9A1E7A4F7556}") = "Traveling", "Traveling\Traveling.csproj", "{FC29E76A-5685-4546-8032-FFBBA008D4DA}"
EndProject
Project("{9A19103F-16F7-4668-BE54-9A1E7A4F7556}") = "Building", "Building\Building.csproj", "{C7373741-8884-432D-812D-0822F592E053}"
EndProject
Project("{9A19103F-16F7-4668-BE54-9A1E7A4F7556}") = "CinemaTickets", "CinemaTickets\CinemaTickets.csproj", "{9D4176E4-BB6E-4D41-979B-7057BB108D93}"
EndProject
Project("{9A19103F-16F7-4668-BE54-9A1E7A4F7556}") = "Pyramid", "Pyramid\Pyramid.csproj", "{813584F8-1298-406B-A36E-5E25543F9C6E}"
EndProject
Project("{FAE04EC0-301F-11D3-BF4B-00C04F79EFBC}") = "EqualSumsEvenOddPosition", "EqualSumsEvenOddPosition\EqualSumsEvenOddPosition.csproj", "{583FB986-1F7B-4F5C-9AC2-F66DB508CD4B}"
EndProject
Global
	GlobalSection(SolutionConfigurationPlatforms) = preSolution
		Debug|Any CPU = Debug|Any CPU
		Release|Any CPU = Release|Any CPU
	EndGlobalSection
	GlobalSection(ProjectConfigurationPlatforms) = postSolution
		{6CC21877-DBFF-4712-BE95-C0A05AC0F7F7}.Debug|Any CPU.ActiveCfg = Debug|Any CPU
		{6CC21877-DBFF-4712-BE95-C0A05AC0F7F7}.Debug|Any CPU.Build.0 = Debug|Any CPU
		{6CC21877-DBFF-4712-BE95-C0A05AC0F7F7}.Release|Any CPU.ActiveCfg = Release|Any CPU
		{6CC21877-DBFF-4712-BE95-C0A05AC0F7F7}.Release|Any CPU.Build.0 = Release|Any CPU
		{143307B7-C7E4-49A4-A80B-EBFC4B4AE655}.Debug|Any CPU.ActiveCfg = Debug|Any CPU
		{143307B7-C7E4-49A4-A80B-EBFC4B4AE655}.Debug|Any CPU.Build.0 = Debug|Any CPU
		{143307B7-C7E4-49A4-A80B-EBFC4B4AE655}.Release|Any CPU.ActiveCfg = Release|Any CPU
		{143307B7-C7E4-49A4-A80B-EBFC4B4AE655}.Release|Any CPU.Build.0 = Release|Any CPU
		{AFE287EA-E49A-49E9-A778-F4194DA537BB}.Debug|Any CPU.ActiveCfg = Debug|Any CPU
		{AFE287EA-E49A-49E9-A778-F4194DA537BB}.Debug|Any CPU.Build.0 = Debug|Any CPU
		{AFE287EA-E49A-49E9-A778-F4194DA537BB}.Release|Any CPU.ActiveCfg = Release|Any CPU
		{AFE287EA-E49A-49E9-A778-F4194DA537BB}.Release|Any CPU.Build.0 = Release|Any CPU
		{EA83243C-C0FF-4087-8927-5DADD2B544AC}.Debug|Any CPU.ActiveCfg = Debug|Any CPU
		{EA83243C-C0FF-4087-8927-5DADD2B544AC}.Debug|Any CPU.Build.0 = Debug|Any CPU
		{EA83243C-C0FF-4087-8927-5DADD2B544AC}.Release|Any CPU.ActiveCfg = Release|Any CPU
		{EA83243C-C0FF-4087-8927-5DADD2B544AC}.Release|Any CPU.Build.0 = Release|Any CPU
		{FC29E76A-5685-4546-8032-FFBBA008D4DA}.Debug|Any CPU.ActiveCfg = Debug|Any CPU
		{FC29E76A-5685-4546-8032-FFBBA008D4DA}.Debug|Any CPU.Build.0 = Debug|Any CPU
		{FC29E76A-5685-4546-8032-FFBBA008D4DA}.Release|Any CPU.ActiveCfg = Release|Any CPU
		{FC29E76A-5685-4546-8032-FFBBA008D4DA}.Release|Any CPU.Build.0 = Release|Any CPU
		{C7373741-8884-432D-812D-0822F592E053}.Debug|Any CPU.ActiveCfg = Debug|Any CPU
		{C7373741-8884-432D-812D-0822F592E053}.Debug|Any CPU.Build.0 = Debug|Any CPU
		{C7373741-8884-432D-812D-0822F592E053}.Release|Any CPU.ActiveCfg = Release|Any CPU
		{C7373741-8884-432D-812D-0822F592E053}.Release|Any CPU.Build.0 = Release|Any CPU
		{9D4176E4-BB6E-4D41-979B-7057BB108D93}.Debug|Any CPU.ActiveCfg = Debug|Any CPU
		{9D4176E4-BB6E-4D41-979B-7057BB108D93}.Debug|Any CPU.Build.0 = Debug|Any CPU
		{9D4176E4-BB6E-4D41-979B-7057BB108D93}.Release|Any CPU.ActiveCfg = Release|Any CPU
		{9D4176E4-BB6E-4D41-979B-7057BB108D93}.Release|Any CPU.Build.0 = Release|Any CPU
		{813584F8-1298-406B-A36E-5E25543F9C6E}.Debug|Any CPU.ActiveCfg = Debug|Any CPU
		{813584F8-1298-406B-A36E-5E25543F9C6E}.Debug|Any CPU.Build.0 = Debug|Any CPU
		{813584F8-1298-406B-A36E-5E25543F9C6E}.Release|Any CPU.ActiveCfg = Release|Any CPU
		{813584F8-1298-406B-A36E-5E25543F9C6E}.Release|Any CPU.Build.0 = Release|Any CPU
		{583FB986-1F7B-4F5C-9AC2-F66DB508CD4B}.Debug|Any CPU.ActiveCfg = Debug|Any CPU
		{583FB986-1F7B-4F5C-9AC2-F66DB508CD4B}.Debug|Any CPU.Build.0 = Debug|Any CPU
		{583FB986-1F7B-4F5C-9AC2-F66DB508CD4B}.Release|Any CPU.ActiveCfg = Release|Any CPU
		{583FB986-1F7B-4F5C-9AC2-F66DB508CD4B}.Release|Any CPU.Build.0 = Release|Any CPU
	EndGlobalSection
	GlobalSection(SolutionProperties) = preSolution
		HideSolutionNode = FALSE
	EndGlobalSection
	GlobalSection(ExtensibilityGlobals) = postSolution
		SolutionGuid = {ED1995A6-416D-4185-9980-810D829CA381}
	EndGlobalSection
EndGlobal
