
Microsoft Visual Studio Solution File, Format Version 12.00
# Visual Studio Version 16
VisualStudioVersion = 16.0.29806.167
MinimumVisualStudioVersion = 10.0.40219.1
Project("{9A19103F-16F7-4668-BE54-9A1E7A4F7556}") = "FunctionsLab", "FunctionsLab\FunctionsLab.csproj", "{89FBAB90-5CD4-431D-8A47-8033078FC277}"
EndProject
Project("{9A19103F-16F7-4668-BE54-9A1E7A4F7556}") = "02. SumNumbers", "02. SumNumbers\02. SumNumbers.csproj", "{2AFD43B8-D77F-4D6F-9A62-B61B8CABA87B}"
EndProject
Project("{9A19103F-16F7-4668-BE54-9A1E7A4F7556}") = "03. CountUppercaseWords", "03. CountUppercaseWords\03. CountUppercaseWords.csproj", "{552903FC-C418-453C-96EB-C76F75531C0D}"
EndProject
Project("{9A19103F-16F7-4668-BE54-9A1E7A4F7556}") = "04. AddVAT", "04. AddVAT\04. AddVAT.csproj", "{54FBC952-735B-443F-A40E-DD880C78B51A}"
EndProject
Project("{9A19103F-16F7-4668-BE54-9A1E7A4F7556}") = "05. FilterByAge", "05. FilterByAge\05. FilterByAge.csproj", "{438F153F-2A16-44DF-8D18-1A3F5DC87534}"
EndProject
Project("{FAE04EC0-301F-11D3-BF4B-00C04F79EFBC}") = "genericsDemo", "genericsDemo\genericsDemo.csproj", "{ABB6F5F4-50DA-40C8-8195-4B680DA669BA}"
EndProject
Global
	GlobalSection(SolutionConfigurationPlatforms) = preSolution
		Debug|Any CPU = Debug|Any CPU
		Release|Any CPU = Release|Any CPU
	EndGlobalSection
	GlobalSection(ProjectConfigurationPlatforms) = postSolution
		{89FBAB90-5CD4-431D-8A47-8033078FC277}.Debug|Any CPU.ActiveCfg = Debug|Any CPU
		{89FBAB90-5CD4-431D-8A47-8033078FC277}.Debug|Any CPU.Build.0 = Debug|Any CPU
		{89FBAB90-5CD4-431D-8A47-8033078FC277}.Release|Any CPU.ActiveCfg = Release|Any CPU
		{89FBAB90-5CD4-431D-8A47-8033078FC277}.Release|Any CPU.Build.0 = Release|Any CPU
		{2AFD43B8-D77F-4D6F-9A62-B61B8CABA87B}.Debug|Any CPU.ActiveCfg = Debug|Any CPU
		{2AFD43B8-D77F-4D6F-9A62-B61B8CABA87B}.Debug|Any CPU.Build.0 = Debug|Any CPU
		{2AFD43B8-D77F-4D6F-9A62-B61B8CABA87B}.Release|Any CPU.ActiveCfg = Release|Any CPU
		{2AFD43B8-D77F-4D6F-9A62-B61B8CABA87B}.Release|Any CPU.Build.0 = Release|Any CPU
		{552903FC-C418-453C-96EB-C76F75531C0D}.Debug|Any CPU.ActiveCfg = Debug|Any CPU
		{552903FC-C418-453C-96EB-C76F75531C0D}.Debug|Any CPU.Build.0 = Debug|Any CPU
		{552903FC-C418-453C-96EB-C76F75531C0D}.Release|Any CPU.ActiveCfg = Release|Any CPU
		{552903FC-C418-453C-96EB-C76F75531C0D}.Release|Any CPU.Build.0 = Release|Any CPU
		{54FBC952-735B-443F-A40E-DD880C78B51A}.Debug|Any CPU.ActiveCfg = Debug|Any CPU
		{54FBC952-735B-443F-A40E-DD880C78B51A}.Debug|Any CPU.Build.0 = Debug|Any CPU
		{54FBC952-735B-443F-A40E-DD880C78B51A}.Release|Any CPU.ActiveCfg = Release|Any CPU
		{54FBC952-735B-443F-A40E-DD880C78B51A}.Release|Any CPU.Build.0 = Release|Any CPU
		{438F153F-2A16-44DF-8D18-1A3F5DC87534}.Debug|Any CPU.ActiveCfg = Debug|Any CPU
		{438F153F-2A16-44DF-8D18-1A3F5DC87534}.Debug|Any CPU.Build.0 = Debug|Any CPU
		{438F153F-2A16-44DF-8D18-1A3F5DC87534}.Release|Any CPU.ActiveCfg = Release|Any CPU
		{438F153F-2A16-44DF-8D18-1A3F5DC87534}.Release|Any CPU.Build.0 = Release|Any CPU
		{ABB6F5F4-50DA-40C8-8195-4B680DA669BA}.Debug|Any CPU.ActiveCfg = Debug|Any CPU
		{ABB6F5F4-50DA-40C8-8195-4B680DA669BA}.Debug|Any CPU.Build.0 = Debug|Any CPU
		{ABB6F5F4-50DA-40C8-8195-4B680DA669BA}.Release|Any CPU.ActiveCfg = Release|Any CPU
		{ABB6F5F4-50DA-40C8-8195-4B680DA669BA}.Release|Any CPU.Build.0 = Release|Any CPU
	EndGlobalSection
	GlobalSection(SolutionProperties) = preSolution
		HideSolutionNode = FALSE
	EndGlobalSection
	GlobalSection(ExtensibilityGlobals) = postSolution
		SolutionGuid = {3ABEAF61-F22B-48B0-BA17-11D607E50064}
	EndGlobalSection
EndGlobal
