
Microsoft Visual Studio Solution File, Format Version 12.00
# Visual Studio Version 17
VisualStudioVersion = 17.5.33502.453
MinimumVisualStudioVersion = 10.0.40219.1
Project("{9A19103F-16F7-4668-BE54-9A1E7A4F7556}") = "Box", "Box\Box.csproj", "{A0804874-CA8C-47C8-A7F6-ABD13E0D3BC4}"
EndProject
Project("{FAE04EC0-301F-11D3-BF4B-00C04F79EFBC}") = "Tuple", "Tuple\Tuple.csproj", "{88DA1FD9-59FC-41CF-B79C-5615BDCB55A7}"
EndProject
Global
	GlobalSection(SolutionConfigurationPlatforms) = preSolution
		Debug|Any CPU = Debug|Any CPU
		Release|Any CPU = Release|Any CPU
	EndGlobalSection
	GlobalSection(ProjectConfigurationPlatforms) = postSolution
		{A0804874-CA8C-47C8-A7F6-ABD13E0D3BC4}.Debug|Any CPU.ActiveCfg = Debug|Any CPU
		{A0804874-CA8C-47C8-A7F6-ABD13E0D3BC4}.Debug|Any CPU.Build.0 = Debug|Any CPU
		{A0804874-CA8C-47C8-A7F6-ABD13E0D3BC4}.Release|Any CPU.ActiveCfg = Release|Any CPU
		{A0804874-CA8C-47C8-A7F6-ABD13E0D3BC4}.Release|Any CPU.Build.0 = Release|Any CPU
		{88DA1FD9-59FC-41CF-B79C-5615BDCB55A7}.Debug|Any CPU.ActiveCfg = Debug|Any CPU
		{88DA1FD9-59FC-41CF-B79C-5615BDCB55A7}.Debug|Any CPU.Build.0 = Debug|Any CPU
		{88DA1FD9-59FC-41CF-B79C-5615BDCB55A7}.Release|Any CPU.ActiveCfg = Release|Any CPU
		{88DA1FD9-59FC-41CF-B79C-5615BDCB55A7}.Release|Any CPU.Build.0 = Release|Any CPU
	EndGlobalSection
	GlobalSection(SolutionProperties) = preSolution
		HideSolutionNode = FALSE
	EndGlobalSection
	GlobalSection(ExtensibilityGlobals) = postSolution
		SolutionGuid = {7C19E8EC-D599-47FA-A3B7-D7E5D1F2DFCF}
	EndGlobalSection
EndGlobal
