
Microsoft Visual Studio Solution File, Format Version 12.00
# Visual Studio Version 17
VisualStudioVersion = 17.5.33502.453
MinimumVisualStudioVersion = 10.0.40219.1
Project("{9A19103F-16F7-4668-BE54-9A1E7A4F7556}") = "Box", "GenericBoxOfString\Box.csproj", "{0CEFF741-6A20-4DC3-B94D-A13A9A341DE0}"
EndProject
Global
	GlobalSection(SolutionConfigurationPlatforms) = preSolution
		Debug|Any CPU = Debug|Any CPU
		Release|Any CPU = Release|Any CPU
	EndGlobalSection
	GlobalSection(ProjectConfigurationPlatforms) = postSolution
		{0CEFF741-6A20-4DC3-B94D-A13A9A341DE0}.Debug|Any CPU.ActiveCfg = Debug|Any CPU
		{0CEFF741-6A20-4DC3-B94D-A13A9A341DE0}.Debug|Any CPU.Build.0 = Debug|Any CPU
		{0CEFF741-6A20-4DC3-B94D-A13A9A341DE0}.Release|Any CPU.ActiveCfg = Release|Any CPU
		{0CEFF741-6A20-4DC3-B94D-A13A9A341DE0}.Release|Any CPU.Build.0 = Release|Any CPU
	EndGlobalSection
	GlobalSection(SolutionProperties) = preSolution
		HideSolutionNode = FALSE
	EndGlobalSection
	GlobalSection(ExtensibilityGlobals) = postSolution
		SolutionGuid = {7C19E8EC-D599-47FA-A3B7-D7E5D1F2DFCF}
	EndGlobalSection
EndGlobal
