
Microsoft Visual Studio Solution File, Format Version 12.00
# Visual Studio Version 16
VisualStudioVersion = 16.0.29806.167
MinimumVisualStudioVersion = 10.0.40219.1
Project("{9A19103F-16F7-4668-BE54-9A1E7A4F7556}") = "01. EvenLines", "StreamsFilesAndDictionariesHomework\01. EvenLines.csproj", "{0A8C5F77-3928-48A8-8627-847C51B835AB}"
EndProject
Project("{9A19103F-16F7-4668-BE54-9A1E7A4F7556}") = "02. LineNumbers", "02. LineNumbers\02. LineNumbers.csproj", "{FAB9890D-051E-45C2-883D-9E2556688512}"
EndProject
Project("{9A19103F-16F7-4668-BE54-9A1E7A4F7556}") = "03. WordCount", "03. WordCount\03. WordCount.csproj", "{145C781F-C90A-4FC2-9E23-DB5AA1A30191}"
EndProject
Project("{9A19103F-16F7-4668-BE54-9A1E7A4F7556}") = "04. CopyBinaryFile", "04. CopyBinaryFile\04. CopyBinaryFile.csproj", "{287023D2-0F16-44AC-BDFE-4E49A22B148C}"
EndProject
Project("{FAE04EC0-301F-11D3-BF4B-00C04F79EFBC}") = "05. DirectoryTraversal", "05. DirectoryTraversal\05. DirectoryTraversal.csproj", "{76403BE0-BC64-4C83-AED1-6DD4C621761F}"
EndProject
Project("{FAE04EC0-301F-11D3-BF4B-00C04F79EFBC}") = "06. ZipAndExtract", "06. ZipAndExtract\06. ZipAndExtract.csproj", "{6A275101-C127-40D0-895C-2E7776B26767}"
EndProject
Global
	GlobalSection(SolutionConfigurationPlatforms) = preSolution
		Debug|Any CPU = Debug|Any CPU
		Release|Any CPU = Release|Any CPU
	EndGlobalSection
	GlobalSection(ProjectConfigurationPlatforms) = postSolution
		{0A8C5F77-3928-48A8-8627-847C51B835AB}.Debug|Any CPU.ActiveCfg = Debug|Any CPU
		{0A8C5F77-3928-48A8-8627-847C51B835AB}.Debug|Any CPU.Build.0 = Debug|Any CPU
		{0A8C5F77-3928-48A8-8627-847C51B835AB}.Release|Any CPU.ActiveCfg = Release|Any CPU
		{0A8C5F77-3928-48A8-8627-847C51B835AB}.Release|Any CPU.Build.0 = Release|Any CPU
		{FAB9890D-051E-45C2-883D-9E2556688512}.Debug|Any CPU.ActiveCfg = Debug|Any CPU
		{FAB9890D-051E-45C2-883D-9E2556688512}.Debug|Any CPU.Build.0 = Debug|Any CPU
		{FAB9890D-051E-45C2-883D-9E2556688512}.Release|Any CPU.ActiveCfg = Release|Any CPU
		{FAB9890D-051E-45C2-883D-9E2556688512}.Release|Any CPU.Build.0 = Release|Any CPU
		{145C781F-C90A-4FC2-9E23-DB5AA1A30191}.Debug|Any CPU.ActiveCfg = Debug|Any CPU
		{145C781F-C90A-4FC2-9E23-DB5AA1A30191}.Debug|Any CPU.Build.0 = Debug|Any CPU
		{145C781F-C90A-4FC2-9E23-DB5AA1A30191}.Release|Any CPU.ActiveCfg = Release|Any CPU
		{145C781F-C90A-4FC2-9E23-DB5AA1A30191}.Release|Any CPU.Build.0 = Release|Any CPU
		{287023D2-0F16-44AC-BDFE-4E49A22B148C}.Debug|Any CPU.ActiveCfg = Debug|Any CPU
		{287023D2-0F16-44AC-BDFE-4E49A22B148C}.Debug|Any CPU.Build.0 = Debug|Any CPU
		{287023D2-0F16-44AC-BDFE-4E49A22B148C}.Release|Any CPU.ActiveCfg = Release|Any CPU
		{287023D2-0F16-44AC-BDFE-4E49A22B148C}.Release|Any CPU.Build.0 = Release|Any CPU
		{76403BE0-BC64-4C83-AED1-6DD4C621761F}.Debug|Any CPU.ActiveCfg = Debug|Any CPU
		{76403BE0-BC64-4C83-AED1-6DD4C621761F}.Debug|Any CPU.Build.0 = Debug|Any CPU
		{76403BE0-BC64-4C83-AED1-6DD4C621761F}.Release|Any CPU.ActiveCfg = Release|Any CPU
		{76403BE0-BC64-4C83-AED1-6DD4C621761F}.Release|Any CPU.Build.0 = Release|Any CPU
		{6A275101-C127-40D0-895C-2E7776B26767}.Debug|Any CPU.ActiveCfg = Debug|Any CPU
		{6A275101-C127-40D0-895C-2E7776B26767}.Debug|Any CPU.Build.0 = Debug|Any CPU
		{6A275101-C127-40D0-895C-2E7776B26767}.Release|Any CPU.ActiveCfg = Release|Any CPU
		{6A275101-C127-40D0-895C-2E7776B26767}.Release|Any CPU.Build.0 = Release|Any CPU
	EndGlobalSection
	GlobalSection(SolutionProperties) = preSolution
		HideSolutionNode = FALSE
	EndGlobalSection
	GlobalSection(ExtensibilityGlobals) = postSolution
		SolutionGuid = {08E1B22F-409E-48A0-9988-B0E1FB68F2EC}
	EndGlobalSection
EndGlobal
