
Microsoft Visual Studio Solution File, Format Version 12.00
# Visual Studio Version 17
VisualStudioVersion = 17.5.33530.505
MinimumVisualStudioVersion = 10.0.40219.1
Project("{9A19103F-16F7-4668-BE54-9A1E7A4F7556}") = "PersonInfo", "PersonInfo\PersonInfo.csproj", "{083CCACF-87EE-4CDB-96D0-0F526D1D5379}"
EndProject
Project("{FAE04EC0-301F-11D3-BF4B-00C04F79EFBC}") = "Telephony", "Telephony\Telephony.csproj", "{90AADC47-9736-4A55-A815-7AD437D9EE87}"
EndProject
Project("{FAE04EC0-301F-11D3-BF4B-00C04F79EFBC}") = "BorderControl", "BorderControl\BorderControl.csproj", "{8906F573-BCF4-4788-B3A9-C7E10C474039}"
EndProject
Global
	GlobalSection(SolutionConfigurationPlatforms) = preSolution
		Debug|Any CPU = Debug|Any CPU
		Release|Any CPU = Release|Any CPU
	EndGlobalSection
	GlobalSection(ProjectConfigurationPlatforms) = postSolution
		{083CCACF-87EE-4CDB-96D0-0F526D1D5379}.Debug|Any CPU.ActiveCfg = Debug|Any CPU
		{083CCACF-87EE-4CDB-96D0-0F526D1D5379}.Debug|Any CPU.Build.0 = Debug|Any CPU
		{083CCACF-87EE-4CDB-96D0-0F526D1D5379}.Release|Any CPU.ActiveCfg = Release|Any CPU
		{083CCACF-87EE-4CDB-96D0-0F526D1D5379}.Release|Any CPU.Build.0 = Release|Any CPU
		{90AADC47-9736-4A55-A815-7AD437D9EE87}.Debug|Any CPU.ActiveCfg = Debug|Any CPU
		{90AADC47-9736-4A55-A815-7AD437D9EE87}.Debug|Any CPU.Build.0 = Debug|Any CPU
		{90AADC47-9736-4A55-A815-7AD437D9EE87}.Release|Any CPU.ActiveCfg = Release|Any CPU
		{90AADC47-9736-4A55-A815-7AD437D9EE87}.Release|Any CPU.Build.0 = Release|Any CPU
		{8906F573-BCF4-4788-B3A9-C7E10C474039}.Debug|Any CPU.ActiveCfg = Debug|Any CPU
		{8906F573-BCF4-4788-B3A9-C7E10C474039}.Debug|Any CPU.Build.0 = Debug|Any CPU
		{8906F573-BCF4-4788-B3A9-C7E10C474039}.Release|Any CPU.ActiveCfg = Release|Any CPU
		{8906F573-BCF4-4788-B3A9-C7E10C474039}.Release|Any CPU.Build.0 = Release|Any CPU
	EndGlobalSection
	GlobalSection(SolutionProperties) = preSolution
		HideSolutionNode = FALSE
	EndGlobalSection
	GlobalSection(ExtensibilityGlobals) = postSolution
		SolutionGuid = {7D1A53D9-3E24-47B3-A73B-841ED486EE6E}
	EndGlobalSection
EndGlobal
