
Microsoft Visual Studio Solution File, Format Version 12.00
# Visual Studio Version 16
VisualStudioVersion = 16.0.29806.167
MinimumVisualStudioVersion = 10.0.40219.1
Project("{FAE04EC0-301F-11D3-BF4B-00C04F79EFBC}") = "01.Vehicles", "PolymorphismExercise\01.Vehicles.csproj", "{59100229-381E-440F-8FAA-352B69F017FB}"
EndProject
Project("{FAE04EC0-301F-11D3-BF4B-00C04F79EFBC}") = "Raiding", "Raiding\Raiding.csproj", "{01721E59-C178-494C-A766-F390527DB85B}"
EndProject
Project("{FAE04EC0-301F-11D3-BF4B-00C04F79EFBC}") = "WildFarm", "WildFarm\WildFarm.csproj", "{1A1185C5-BFAF-4304-BA8F-8A213A8B07B3}"
EndProject
Global
	GlobalSection(SolutionConfigurationPlatforms) = preSolution
		Debug|Any CPU = Debug|Any CPU
		Release|Any CPU = Release|Any CPU
	EndGlobalSection
	GlobalSection(ProjectConfigurationPlatforms) = postSolution
		{59100229-381E-440F-8FAA-352B69F017FB}.Debug|Any CPU.ActiveCfg = Debug|Any CPU
		{59100229-381E-440F-8FAA-352B69F017FB}.Debug|Any CPU.Build.0 = Debug|Any CPU
		{59100229-381E-440F-8FAA-352B69F017FB}.Release|Any CPU.ActiveCfg = Release|Any CPU
		{59100229-381E-440F-8FAA-352B69F017FB}.Release|Any CPU.Build.0 = Release|Any CPU
		{01721E59-C178-494C-A766-F390527DB85B}.Debug|Any CPU.ActiveCfg = Debug|Any CPU
		{01721E59-C178-494C-A766-F390527DB85B}.Debug|Any CPU.Build.0 = Debug|Any CPU
		{01721E59-C178-494C-A766-F390527DB85B}.Release|Any CPU.ActiveCfg = Release|Any CPU
		{01721E59-C178-494C-A766-F390527DB85B}.Release|Any CPU.Build.0 = Release|Any CPU
		{1A1185C5-BFAF-4304-BA8F-8A213A8B07B3}.Debug|Any CPU.ActiveCfg = Debug|Any CPU
		{1A1185C5-BFAF-4304-BA8F-8A213A8B07B3}.Debug|Any CPU.Build.0 = Debug|Any CPU
		{1A1185C5-BFAF-4304-BA8F-8A213A8B07B3}.Release|Any CPU.ActiveCfg = Release|Any CPU
		{1A1185C5-BFAF-4304-BA8F-8A213A8B07B3}.Release|Any CPU.Build.0 = Release|Any CPU
	EndGlobalSection
	GlobalSection(SolutionProperties) = preSolution
		HideSolutionNode = FALSE
	EndGlobalSection
	GlobalSection(ExtensibilityGlobals) = postSolution
		SolutionGuid = {4914365A-68E0-4904-8408-106F3772F4C3}
	EndGlobalSection
EndGlobal
