
Microsoft Visual Studio Solution File, Format Version 12.00
# Visual Studio Version 17
VisualStudioVersion = 17.5.33424.131
MinimumVisualStudioVersion = 10.0.40219.1
Project("{9A19103F-16F7-4668-BE54-9A1E7A4F7556}") = "01.ActionPoint", "01.ActionPoint\01.ActionPoint.csproj", "{C227FE07-07A2-4D05-8E29-3C7675CABCF0}"
EndProject
Project("{9A19103F-16F7-4668-BE54-9A1E7A4F7556}") = "02.KnightsOfHonor", "02.KnightsOfHonor\02.KnightsOfHonor.csproj", "{18418720-B85E-41F6-8246-2C05DB45A22E}"
EndProject
Project("{9A19103F-16F7-4668-BE54-9A1E7A4F7556}") = "03.CustomMinFunction", "03.CustomMinFunction\03.CustomMinFunction.csproj", "{85677090-0A09-495A-AFE1-7B91FE4FFD66}"
EndProject
Project("{9A19103F-16F7-4668-BE54-9A1E7A4F7556}") = "04.FindEvenOrOdds", "04.FindEvenOrOdds\04.FindEvenOrOdds.csproj", "{9B6F5185-9539-4AD3-89FE-EE3E5800E31C}"
EndProject
Project("{9A19103F-16F7-4668-BE54-9A1E7A4F7556}") = "05.AppliedArithmetics", "05.AppliedArithmetics\05.AppliedArithmetics.csproj", "{B6B9602B-F479-4D86-AB1A-11948E0B48B0}"
EndProject
Project("{9A19103F-16F7-4668-BE54-9A1E7A4F7556}") = "06.ReverseAndExclude", "06.ReverseAndExclude\06.ReverseAndExclude.csproj", "{A1497F22-B4E5-4B88-98CB-7A41F7219748}"
EndProject
Project("{9A19103F-16F7-4668-BE54-9A1E7A4F7556}") = "07.PredicateForNames", "07.PredicateForNames\07.PredicateForNames.csproj", "{3F905773-4DC0-48E5-8571-BBDC990711AE}"
EndProject
Project("{9A19103F-16F7-4668-BE54-9A1E7A4F7556}") = "08.ListOfPredicates", "08.ListOfPredicates\08.ListOfPredicates.csproj", "{8B40FE38-2D93-4853-AB63-9758D88FB465}"
EndProject
Project("{FAE04EC0-301F-11D3-BF4B-00C04F79EFBC}") = "09.PredicateParty", "09.PredicateParty\09.PredicateParty.csproj", "{BF7E51E6-3AE7-4433-B120-D897645704B5}"
EndProject
Project("{FAE04EC0-301F-11D3-BF4B-00C04F79EFBC}") = "10.PartyReservationFilterModule", "10.PartyReservationFilterModule\10.PartyReservationFilterModule.csproj", "{5C961142-C1B4-436F-9D12-48A8D82EB3AE}"
EndProject
Project("{FAE04EC0-301F-11D3-BF4B-00C04F79EFBC}") = "11.TriFunction", "11.TriFunction\11.TriFunction.csproj", "{B869C7A8-796D-4C9E-BB4C-F68F127CD559}"
EndProject
Global
	GlobalSection(SolutionConfigurationPlatforms) = preSolution
		Debug|Any CPU = Debug|Any CPU
		Release|Any CPU = Release|Any CPU
	EndGlobalSection
	GlobalSection(ProjectConfigurationPlatforms) = postSolution
		{C227FE07-07A2-4D05-8E29-3C7675CABCF0}.Debug|Any CPU.ActiveCfg = Debug|Any CPU
		{C227FE07-07A2-4D05-8E29-3C7675CABCF0}.Debug|Any CPU.Build.0 = Debug|Any CPU
		{C227FE07-07A2-4D05-8E29-3C7675CABCF0}.Release|Any CPU.ActiveCfg = Release|Any CPU
		{C227FE07-07A2-4D05-8E29-3C7675CABCF0}.Release|Any CPU.Build.0 = Release|Any CPU
		{18418720-B85E-41F6-8246-2C05DB45A22E}.Debug|Any CPU.ActiveCfg = Debug|Any CPU
		{18418720-B85E-41F6-8246-2C05DB45A22E}.Debug|Any CPU.Build.0 = Debug|Any CPU
		{18418720-B85E-41F6-8246-2C05DB45A22E}.Release|Any CPU.ActiveCfg = Release|Any CPU
		{18418720-B85E-41F6-8246-2C05DB45A22E}.Release|Any CPU.Build.0 = Release|Any CPU
		{85677090-0A09-495A-AFE1-7B91FE4FFD66}.Debug|Any CPU.ActiveCfg = Debug|Any CPU
		{85677090-0A09-495A-AFE1-7B91FE4FFD66}.Debug|Any CPU.Build.0 = Debug|Any CPU
		{85677090-0A09-495A-AFE1-7B91FE4FFD66}.Release|Any CPU.ActiveCfg = Release|Any CPU
		{85677090-0A09-495A-AFE1-7B91FE4FFD66}.Release|Any CPU.Build.0 = Release|Any CPU
		{9B6F5185-9539-4AD3-89FE-EE3E5800E31C}.Debug|Any CPU.ActiveCfg = Debug|Any CPU
		{9B6F5185-9539-4AD3-89FE-EE3E5800E31C}.Debug|Any CPU.Build.0 = Debug|Any CPU
		{9B6F5185-9539-4AD3-89FE-EE3E5800E31C}.Release|Any CPU.ActiveCfg = Release|Any CPU
		{9B6F5185-9539-4AD3-89FE-EE3E5800E31C}.Release|Any CPU.Build.0 = Release|Any CPU
		{B6B9602B-F479-4D86-AB1A-11948E0B48B0}.Debug|Any CPU.ActiveCfg = Debug|Any CPU
		{B6B9602B-F479-4D86-AB1A-11948E0B48B0}.Debug|Any CPU.Build.0 = Debug|Any CPU
		{B6B9602B-F479-4D86-AB1A-11948E0B48B0}.Release|Any CPU.ActiveCfg = Release|Any CPU
		{B6B9602B-F479-4D86-AB1A-11948E0B48B0}.Release|Any CPU.Build.0 = Release|Any CPU
		{A1497F22-B4E5-4B88-98CB-7A41F7219748}.Debug|Any CPU.ActiveCfg = Debug|Any CPU
		{A1497F22-B4E5-4B88-98CB-7A41F7219748}.Debug|Any CPU.Build.0 = Debug|Any CPU
		{A1497F22-B4E5-4B88-98CB-7A41F7219748}.Release|Any CPU.ActiveCfg = Release|Any CPU
		{A1497F22-B4E5-4B88-98CB-7A41F7219748}.Release|Any CPU.Build.0 = Release|Any CPU
		{3F905773-4DC0-48E5-8571-BBDC990711AE}.Debug|Any CPU.ActiveCfg = Debug|Any CPU
		{3F905773-4DC0-48E5-8571-BBDC990711AE}.Debug|Any CPU.Build.0 = Debug|Any CPU
		{3F905773-4DC0-48E5-8571-BBDC990711AE}.Release|Any CPU.ActiveCfg = Release|Any CPU
		{3F905773-4DC0-48E5-8571-BBDC990711AE}.Release|Any CPU.Build.0 = Release|Any CPU
		{8B40FE38-2D93-4853-AB63-9758D88FB465}.Debug|Any CPU.ActiveCfg = Debug|Any CPU
		{8B40FE38-2D93-4853-AB63-9758D88FB465}.Debug|Any CPU.Build.0 = Debug|Any CPU
		{8B40FE38-2D93-4853-AB63-9758D88FB465}.Release|Any CPU.ActiveCfg = Release|Any CPU
		{8B40FE38-2D93-4853-AB63-9758D88FB465}.Release|Any CPU.Build.0 = Release|Any CPU
		{BF7E51E6-3AE7-4433-B120-D897645704B5}.Debug|Any CPU.ActiveCfg = Debug|Any CPU
		{BF7E51E6-3AE7-4433-B120-D897645704B5}.Debug|Any CPU.Build.0 = Debug|Any CPU
		{BF7E51E6-3AE7-4433-B120-D897645704B5}.Release|Any CPU.ActiveCfg = Release|Any CPU
		{BF7E51E6-3AE7-4433-B120-D897645704B5}.Release|Any CPU.Build.0 = Release|Any CPU
		{5C961142-C1B4-436F-9D12-48A8D82EB3AE}.Debug|Any CPU.ActiveCfg = Debug|Any CPU
		{5C961142-C1B4-436F-9D12-48A8D82EB3AE}.Debug|Any CPU.Build.0 = Debug|Any CPU
		{5C961142-C1B4-436F-9D12-48A8D82EB3AE}.Release|Any CPU.ActiveCfg = Release|Any CPU
		{5C961142-C1B4-436F-9D12-48A8D82EB3AE}.Release|Any CPU.Build.0 = Release|Any CPU
		{B869C7A8-796D-4C9E-BB4C-F68F127CD559}.Debug|Any CPU.ActiveCfg = Debug|Any CPU
		{B869C7A8-796D-4C9E-BB4C-F68F127CD559}.Debug|Any CPU.Build.0 = Debug|Any CPU
		{B869C7A8-796D-4C9E-BB4C-F68F127CD559}.Release|Any CPU.ActiveCfg = Release|Any CPU
		{B869C7A8-796D-4C9E-BB4C-F68F127CD559}.Release|Any CPU.Build.0 = Release|Any CPU
	EndGlobalSection
	GlobalSection(SolutionProperties) = preSolution
		HideSolutionNode = FALSE
	EndGlobalSection
	GlobalSection(ExtensibilityGlobals) = postSolution
		SolutionGuid = {EC331E09-B138-4DA5-8CC2-845C587B5644}
	EndGlobalSection
EndGlobal
