
Microsoft Visual Studio Solution File, Format Version 12.00
# Visual Studio Version 16
VisualStudioVersion = 16.0.29806.167
MinimumVisualStudioVersion = 10.0.40219.1
Project("{FAE04EC0-301F-11D3-BF4B-00C04F79EFBC}") = "01. Integer operations", "Integer operations\01. Integer operations.csproj", "{FE028A6D-B8FB-4210-99F4-663A758530FB}"
EndProject
Project("{FAE04EC0-301F-11D3-BF4B-00C04F79EFBC}") = "02. Sum digits", "02. Sum digits\02. Sum digits.csproj", "{D3C3CFED-38B0-4FC5-837D-EFE6A4AEE2D7}"
EndProject
Project("{FAE04EC0-301F-11D3-BF4B-00C04F79EFBC}") = "03. Elevator", "03. Elevator\03. Elevator.csproj", "{8C36F397-3BC2-4B83-A3AF-BECED39779DE}"
EndProject
Project("{FAE04EC0-301F-11D3-BF4B-00C04F79EFBC}") = "04. Sum of chars", "04. Sum of chars\04. Sum of chars.csproj", "{84612018-6525-485C-84CD-7571FC8B84A0}"
EndProject
Project("{FAE04EC0-301F-11D3-BF4B-00C04F79EFBC}") = "05. Print Part Of ASCII Table", "05. Print Part Of ASCII Table\05. Print Part Of ASCII Table.csproj", "{0D57C4C9-4BED-4081-9AB5-F4188BC119ED}"
EndProject
Project("{FAE04EC0-301F-11D3-BF4B-00C04F79EFBC}") = "Triples Of latin Letters", "Triples Of latin Letters\Triples Of latin Letters.csproj", "{87B64C46-E271-48ED-9C0C-04776780A477}"
EndProject
Project("{FAE04EC0-301F-11D3-BF4B-00C04F79EFBC}") = "07. Water Overflow", "07. Water Overflow\07. Water Overflow.csproj", "{6A75B7E6-C24E-487C-A3AC-8D52F4561CD6}"
EndProject
Project("{FAE04EC0-301F-11D3-BF4B-00C04F79EFBC}") = "08. Beer Kegs", "08. Beer Kegs\08. Beer Kegs.csproj", "{0B915801-2F94-456B-A0CA-A303215D1ECD}"
EndProject
Project("{FAE04EC0-301F-11D3-BF4B-00C04F79EFBC}") = "09. Spice must flow", "09. Spice must flow\09. Spice must flow.csproj", "{FBF31B11-E5D1-4D00-8391-D8C16FF0AA30}"
EndProject
Project("{FAE04EC0-301F-11D3-BF4B-00C04F79EFBC}") = "10. Pokemon", "10. Pokemon\10. Pokemon.csproj", "{C0493AB9-CFC2-45AE-9679-C9499B4EAAE1}"
EndProject
Global
	GlobalSection(SolutionConfigurationPlatforms) = preSolution
		Debug|Any CPU = Debug|Any CPU
		Release|Any CPU = Release|Any CPU
	EndGlobalSection
	GlobalSection(ProjectConfigurationPlatforms) = postSolution
		{FE028A6D-B8FB-4210-99F4-663A758530FB}.Debug|Any CPU.ActiveCfg = Debug|Any CPU
		{FE028A6D-B8FB-4210-99F4-663A758530FB}.Debug|Any CPU.Build.0 = Debug|Any CPU
		{FE028A6D-B8FB-4210-99F4-663A758530FB}.Release|Any CPU.ActiveCfg = Release|Any CPU
		{FE028A6D-B8FB-4210-99F4-663A758530FB}.Release|Any CPU.Build.0 = Release|Any CPU
		{D3C3CFED-38B0-4FC5-837D-EFE6A4AEE2D7}.Debug|Any CPU.ActiveCfg = Debug|Any CPU
		{D3C3CFED-38B0-4FC5-837D-EFE6A4AEE2D7}.Debug|Any CPU.Build.0 = Debug|Any CPU
		{D3C3CFED-38B0-4FC5-837D-EFE6A4AEE2D7}.Release|Any CPU.ActiveCfg = Release|Any CPU
		{D3C3CFED-38B0-4FC5-837D-EFE6A4AEE2D7}.Release|Any CPU.Build.0 = Release|Any CPU
		{8C36F397-3BC2-4B83-A3AF-BECED39779DE}.Debug|Any CPU.ActiveCfg = Debug|Any CPU
		{8C36F397-3BC2-4B83-A3AF-BECED39779DE}.Debug|Any CPU.Build.0 = Debug|Any CPU
		{8C36F397-3BC2-4B83-A3AF-BECED39779DE}.Release|Any CPU.ActiveCfg = Release|Any CPU
		{8C36F397-3BC2-4B83-A3AF-BECED39779DE}.Release|Any CPU.Build.0 = Release|Any CPU
		{84612018-6525-485C-84CD-7571FC8B84A0}.Debug|Any CPU.ActiveCfg = Debug|Any CPU
		{84612018-6525-485C-84CD-7571FC8B84A0}.Debug|Any CPU.Build.0 = Debug|Any CPU
		{84612018-6525-485C-84CD-7571FC8B84A0}.Release|Any CPU.ActiveCfg = Release|Any CPU
		{84612018-6525-485C-84CD-7571FC8B84A0}.Release|Any CPU.Build.0 = Release|Any CPU
		{0D57C4C9-4BED-4081-9AB5-F4188BC119ED}.Debug|Any CPU.ActiveCfg = Debug|Any CPU
		{0D57C4C9-4BED-4081-9AB5-F4188BC119ED}.Debug|Any CPU.Build.0 = Debug|Any CPU
		{0D57C4C9-4BED-4081-9AB5-F4188BC119ED}.Release|Any CPU.ActiveCfg = Release|Any CPU
		{0D57C4C9-4BED-4081-9AB5-F4188BC119ED}.Release|Any CPU.Build.0 = Release|Any CPU
		{87B64C46-E271-48ED-9C0C-04776780A477}.Debug|Any CPU.ActiveCfg = Debug|Any CPU
		{87B64C46-E271-48ED-9C0C-04776780A477}.Debug|Any CPU.Build.0 = Debug|Any CPU
		{87B64C46-E271-48ED-9C0C-04776780A477}.Release|Any CPU.ActiveCfg = Release|Any CPU
		{87B64C46-E271-48ED-9C0C-04776780A477}.Release|Any CPU.Build.0 = Release|Any CPU
		{6A75B7E6-C24E-487C-A3AC-8D52F4561CD6}.Debug|Any CPU.ActiveCfg = Debug|Any CPU
		{6A75B7E6-C24E-487C-A3AC-8D52F4561CD6}.Debug|Any CPU.Build.0 = Debug|Any CPU
		{6A75B7E6-C24E-487C-A3AC-8D52F4561CD6}.Release|Any CPU.ActiveCfg = Release|Any CPU
		{6A75B7E6-C24E-487C-A3AC-8D52F4561CD6}.Release|Any CPU.Build.0 = Release|Any CPU
		{0B915801-2F94-456B-A0CA-A303215D1ECD}.Debug|Any CPU.ActiveCfg = Debug|Any CPU
		{0B915801-2F94-456B-A0CA-A303215D1ECD}.Debug|Any CPU.Build.0 = Debug|Any CPU
		{0B915801-2F94-456B-A0CA-A303215D1ECD}.Release|Any CPU.ActiveCfg = Release|Any CPU
		{0B915801-2F94-456B-A0CA-A303215D1ECD}.Release|Any CPU.Build.0 = Release|Any CPU
		{FBF31B11-E5D1-4D00-8391-D8C16FF0AA30}.Debug|Any CPU.ActiveCfg = Debug|Any CPU
		{FBF31B11-E5D1-4D00-8391-D8C16FF0AA30}.Debug|Any CPU.Build.0 = Debug|Any CPU
		{FBF31B11-E5D1-4D00-8391-D8C16FF0AA30}.Release|Any CPU.ActiveCfg = Release|Any CPU
		{FBF31B11-E5D1-4D00-8391-D8C16FF0AA30}.Release|Any CPU.Build.0 = Release|Any CPU
		{C0493AB9-CFC2-45AE-9679-C9499B4EAAE1}.Debug|Any CPU.ActiveCfg = Debug|Any CPU
		{C0493AB9-CFC2-45AE-9679-C9499B4EAAE1}.Debug|Any CPU.Build.0 = Debug|Any CPU
		{C0493AB9-CFC2-45AE-9679-C9499B4EAAE1}.Release|Any CPU.ActiveCfg = Release|Any CPU
		{C0493AB9-CFC2-45AE-9679-C9499B4EAAE1}.Release|Any CPU.Build.0 = Release|Any CPU
	EndGlobalSection
	GlobalSection(SolutionProperties) = preSolution
		HideSolutionNode = FALSE
	EndGlobalSection
	GlobalSection(ExtensibilityGlobals) = postSolution
		SolutionGuid = {1A4282A3-478C-4A6A-8784-A5934D56E078}
	EndGlobalSection
EndGlobal
