
Microsoft Visual Studio Solution File, Format Version 12.00
# Visual Studio Version 16
VisualStudioVersion = 16.0.29709.97
MinimumVisualStudioVersion = 10.0.40219.1
Project("{FAE04EC0-301F-11D3-BF4B-00C04F79EFBC}") = "PointOnRectangleBorder", "PointOnRectangleBorder\PointOnRectangleBorder.csproj", "{654B3A1D-8D75-4815-967E-1B8DE27E33F4}"
EndProject
Project("{FAE04EC0-301F-11D3-BF4B-00C04F79EFBC}") = "Cinema", "Cinema\Cinema.csproj", "{E52346DA-53F2-4D00-BBCE-F8EAA52A20B8}"
EndProject
Project("{FAE04EC0-301F-11D3-BF4B-00C04F79EFBC}") = "SummerOutfit", "SummerOutfit\SummerOutfit.csproj", "{DBA2F857-8A7C-4881-9FE1-7EAC3C38017F}"
EndProject
Project("{FAE04EC0-301F-11D3-BF4B-00C04F79EFBC}") = "NewHouse", "NewHouse\NewHouse.csproj", "{D96AF89D-6FD8-4A8C-B01C-57A6627EDEF7}"
EndProject
Project("{FAE04EC0-301F-11D3-BF4B-00C04F79EFBC}") = "FishingBoat", "FishingBoat\FishingBoat.csproj", "{BDC2BED1-9CD9-40A6-9CA0-267EC995E92B}"
EndProject
Project("{FAE04EC0-301F-11D3-BF4B-00C04F79EFBC}") = "Journey", "Journey\Journey.csproj", "{01284E52-0F0A-4A0F-A298-4620E31737D0}"
EndProject
Project("{FAE04EC0-301F-11D3-BF4B-00C04F79EFBC}") = "OperationsBetweenNumbers", "OperationsBetweenNumbers\OperationsBetweenNumbers.csproj", "{B08E4587-C68E-4066-A3BC-62ADB5F6BDA7}"
EndProject
Project("{FAE04EC0-301F-11D3-BF4B-00C04F79EFBC}") = "HotelRoom", "HotelRoom\HotelRoom.csproj", "{1496F2CE-86EA-4758-90A0-7AAD14E685F5}"
EndProject
Project("{FAE04EC0-301F-11D3-BF4B-00C04F79EFBC}") = "OnTimeForExam", "OnTimeForExam\OnTimeForExam.csproj", "{0086AAA2-90C8-4F2C-8EA3-F613A6A27317}"
EndProject
Global
	GlobalSection(SolutionConfigurationPlatforms) = preSolution
		Debug|Any CPU = Debug|Any CPU
		Release|Any CPU = Release|Any CPU
	EndGlobalSection
	GlobalSection(ProjectConfigurationPlatforms) = postSolution
		{654B3A1D-8D75-4815-967E-1B8DE27E33F4}.Debug|Any CPU.ActiveCfg = Debug|Any CPU
		{654B3A1D-8D75-4815-967E-1B8DE27E33F4}.Debug|Any CPU.Build.0 = Debug|Any CPU
		{654B3A1D-8D75-4815-967E-1B8DE27E33F4}.Release|Any CPU.ActiveCfg = Release|Any CPU
		{654B3A1D-8D75-4815-967E-1B8DE27E33F4}.Release|Any CPU.Build.0 = Release|Any CPU
		{E52346DA-53F2-4D00-BBCE-F8EAA52A20B8}.Debug|Any CPU.ActiveCfg = Debug|Any CPU
		{E52346DA-53F2-4D00-BBCE-F8EAA52A20B8}.Debug|Any CPU.Build.0 = Debug|Any CPU
		{E52346DA-53F2-4D00-BBCE-F8EAA52A20B8}.Release|Any CPU.ActiveCfg = Release|Any CPU
		{E52346DA-53F2-4D00-BBCE-F8EAA52A20B8}.Release|Any CPU.Build.0 = Release|Any CPU
		{DBA2F857-8A7C-4881-9FE1-7EAC3C38017F}.Debug|Any CPU.ActiveCfg = Debug|Any CPU
		{DBA2F857-8A7C-4881-9FE1-7EAC3C38017F}.Debug|Any CPU.Build.0 = Debug|Any CPU
		{DBA2F857-8A7C-4881-9FE1-7EAC3C38017F}.Release|Any CPU.ActiveCfg = Release|Any CPU
		{DBA2F857-8A7C-4881-9FE1-7EAC3C38017F}.Release|Any CPU.Build.0 = Release|Any CPU
		{D96AF89D-6FD8-4A8C-B01C-57A6627EDEF7}.Debug|Any CPU.ActiveCfg = Debug|Any CPU
		{D96AF89D-6FD8-4A8C-B01C-57A6627EDEF7}.Debug|Any CPU.Build.0 = Debug|Any CPU
		{D96AF89D-6FD8-4A8C-B01C-57A6627EDEF7}.Release|Any CPU.ActiveCfg = Release|Any CPU
		{D96AF89D-6FD8-4A8C-B01C-57A6627EDEF7}.Release|Any CPU.Build.0 = Release|Any CPU
		{BDC2BED1-9CD9-40A6-9CA0-267EC995E92B}.Debug|Any CPU.ActiveCfg = Debug|Any CPU
		{BDC2BED1-9CD9-40A6-9CA0-267EC995E92B}.Debug|Any CPU.Build.0 = Debug|Any CPU
		{BDC2BED1-9CD9-40A6-9CA0-267EC995E92B}.Release|Any CPU.ActiveCfg = Release|Any CPU
		{BDC2BED1-9CD9-40A6-9CA0-267EC995E92B}.Release|Any CPU.Build.0 = Release|Any CPU
		{01284E52-0F0A-4A0F-A298-4620E31737D0}.Debug|Any CPU.ActiveCfg = Debug|Any CPU
		{01284E52-0F0A-4A0F-A298-4620E31737D0}.Debug|Any CPU.Build.0 = Debug|Any CPU
		{01284E52-0F0A-4A0F-A298-4620E31737D0}.Release|Any CPU.ActiveCfg = Release|Any CPU
		{01284E52-0F0A-4A0F-A298-4620E31737D0}.Release|Any CPU.Build.0 = Release|Any CPU
		{B08E4587-C68E-4066-A3BC-62ADB5F6BDA7}.Debug|Any CPU.ActiveCfg = Debug|Any CPU
		{B08E4587-C68E-4066-A3BC-62ADB5F6BDA7}.Debug|Any CPU.Build.0 = Debug|Any CPU
		{B08E4587-C68E-4066-A3BC-62ADB5F6BDA7}.Release|Any CPU.ActiveCfg = Release|Any CPU
		{B08E4587-C68E-4066-A3BC-62ADB5F6BDA7}.Release|Any CPU.Build.0 = Release|Any CPU
		{1496F2CE-86EA-4758-90A0-7AAD14E685F5}.Debug|Any CPU.ActiveCfg = Debug|Any CPU
		{1496F2CE-86EA-4758-90A0-7AAD14E685F5}.Debug|Any CPU.Build.0 = Debug|Any CPU
		{1496F2CE-86EA-4758-90A0-7AAD14E685F5}.Release|Any CPU.ActiveCfg = Release|Any CPU
		{1496F2CE-86EA-4758-90A0-7AAD14E685F5}.Release|Any CPU.Build.0 = Release|Any CPU
		{0086AAA2-90C8-4F2C-8EA3-F613A6A27317}.Debug|Any CPU.ActiveCfg = Debug|Any CPU
		{0086AAA2-90C8-4F2C-8EA3-F613A6A27317}.Debug|Any CPU.Build.0 = Debug|Any CPU
		{0086AAA2-90C8-4F2C-8EA3-F613A6A27317}.Release|Any CPU.ActiveCfg = Release|Any CPU
		{0086AAA2-90C8-4F2C-8EA3-F613A6A27317}.Release|Any CPU.Build.0 = Release|Any CPU
	EndGlobalSection
	GlobalSection(SolutionProperties) = preSolution
		HideSolutionNode = FALSE
	EndGlobalSection
	GlobalSection(ExtensibilityGlobals) = postSolution
		SolutionGuid = {52D6CC78-0FF0-4C3B-907D-B64D80574D6C}
	EndGlobalSection
EndGlobal
