
Microsoft Visual Studio Solution File, Format Version 12.00
# Visual Studio Version 16
VisualStudioVersion = 16.0.29806.167
MinimumVisualStudioVersion = 10.0.40219.1
Project("{FAE04EC0-301F-11D3-BF4B-00C04F79EFBC}") = "01.MatchFullNames", "01.MatchFullNames\01.MatchFullNames.csproj", "{93459EB6-B074-4075-BD0A-F34655006675}"
EndProject
Project("{FAE04EC0-301F-11D3-BF4B-00C04F79EFBC}") = "02.MatchPhoneNumber", "02.MatchPhoneNumber\02.MatchPhoneNumber.csproj", "{560AF611-31E5-4FC7-87D2-D68E08D1F213}"
EndProject
Project("{FAE04EC0-301F-11D3-BF4B-00C04F79EFBC}") = "03.MatchDates", "03.MatchDates\03.MatchDates.csproj", "{26D038A2-B41A-4547-AD52-1FCA7F5C9DA4}"
EndProject
Global
	GlobalSection(SolutionConfigurationPlatforms) = preSolution
		Debug|Any CPU = Debug|Any CPU
		Release|Any CPU = Release|Any CPU
	EndGlobalSection
	GlobalSection(ProjectConfigurationPlatforms) = postSolution
		{93459EB6-B074-4075-BD0A-F34655006675}.Debug|Any CPU.ActiveCfg = Debug|Any CPU
		{93459EB6-B074-4075-BD0A-F34655006675}.Debug|Any CPU.Build.0 = Debug|Any CPU
		{93459EB6-B074-4075-BD0A-F34655006675}.Release|Any CPU.ActiveCfg = Release|Any CPU
		{93459EB6-B074-4075-BD0A-F34655006675}.Release|Any CPU.Build.0 = Release|Any CPU
		{560AF611-31E5-4FC7-87D2-D68E08D1F213}.Debug|Any CPU.ActiveCfg = Debug|Any CPU
		{560AF611-31E5-4FC7-87D2-D68E08D1F213}.Debug|Any CPU.Build.0 = Debug|Any CPU
		{560AF611-31E5-4FC7-87D2-D68E08D1F213}.Release|Any CPU.ActiveCfg = Release|Any CPU
		{560AF611-31E5-4FC7-87D2-D68E08D1F213}.Release|Any CPU.Build.0 = Release|Any CPU
		{26D038A2-B41A-4547-AD52-1FCA7F5C9DA4}.Debug|Any CPU.ActiveCfg = Debug|Any CPU
		{26D038A2-B41A-4547-AD52-1FCA7F5C9DA4}.Debug|Any CPU.Build.0 = Debug|Any CPU
		{26D038A2-B41A-4547-AD52-1FCA7F5C9DA4}.Release|Any CPU.ActiveCfg = Release|Any CPU
		{26D038A2-B41A-4547-AD52-1FCA7F5C9DA4}.Release|Any CPU.Build.0 = Release|Any CPU
	EndGlobalSection
	GlobalSection(SolutionProperties) = preSolution
		HideSolutionNode = FALSE
	EndGlobalSection
	GlobalSection(ExtensibilityGlobals) = postSolution
		SolutionGuid = {6439B659-6ACA-43FE-A855-B849D8317AAC}
	EndGlobalSection
EndGlobal
