
Microsoft Visual Studio Solution File, Format Version 12.00
# Visual Studio Version 16
VisualStudioVersion = 16.0.29806.167
MinimumVisualStudioVersion = 10.0.40219.1
Project("{9A19103F-16F7-4668-BE54-9A1E7A4F7556}") = "01.BasicStackOperation", "StacksAndQueuesExercise\01.BasicStackOperation.csproj", "{775346AA-D3E7-4A73-81DF-76E9F3943B8E}"
EndProject
Project("{9A19103F-16F7-4668-BE54-9A1E7A4F7556}") = "02.BasicQueueOperation", "02.BasicQueueOperation\02.BasicQueueOperation.csproj", "{28C08F08-B252-48CD-A90B-2447D92A17F7}"
EndProject
Project("{9A19103F-16F7-4668-BE54-9A1E7A4F7556}") = "03. MaximunAndMinimumElement", "03. MaximunAndMinimumElement\03. MaximunAndMinimumElement.csproj", "{F7B117AE-F080-4CD4-BBE3-5CCC39B2BC1A}"
EndProject
Project("{9A19103F-16F7-4668-BE54-9A1E7A4F7556}") = "04. FastFood", "04. FastFood\04. FastFood.csproj", "{7C994D16-1199-4E18-8EA9-BC9DF359C327}"
EndProject
Project("{9A19103F-16F7-4668-BE54-9A1E7A4F7556}") = "05. FashionBoutique", "05. FashionBoutique\05. FashionBoutique.csproj", "{4E857E82-3BCC-4EC0-A847-5B8B748180AD}"
EndProject
Project("{9A19103F-16F7-4668-BE54-9A1E7A4F7556}") = "06. SongsQueue", "06. SongsQueue\06. SongsQueue.csproj", "{1DC33E0C-6D43-4AC8-8059-4A1DC4F5A883}"
EndProject
Project("{9A19103F-16F7-4668-BE54-9A1E7A4F7556}") = "07. TruckTour", "07. TruckTour\07. TruckTour.csproj", "{BCEA453D-9C7E-46BC-B20E-5FFA45971418}"
EndProject
Project("{9A19103F-16F7-4668-BE54-9A1E7A4F7556}") = "08. BalancedParenthesis_", "08. BalancedParenthesis_\08. BalancedParenthesis_.csproj", "{8897F718-F33C-40B1-BE92-92DADADC120E}"
EndProject
Project("{FAE04EC0-301F-11D3-BF4B-00C04F79EFBC}") = "test", "test\test.csproj", "{A74BF8FB-1C2C-411C-A10C-C9AAC6FF4145}"
EndProject
Global
	GlobalSection(SolutionConfigurationPlatforms) = preSolution
		Debug|Any CPU = Debug|Any CPU
		Release|Any CPU = Release|Any CPU
	EndGlobalSection
	GlobalSection(ProjectConfigurationPlatforms) = postSolution
		{775346AA-D3E7-4A73-81DF-76E9F3943B8E}.Debug|Any CPU.ActiveCfg = Debug|Any CPU
		{775346AA-D3E7-4A73-81DF-76E9F3943B8E}.Debug|Any CPU.Build.0 = Debug|Any CPU
		{775346AA-D3E7-4A73-81DF-76E9F3943B8E}.Release|Any CPU.ActiveCfg = Release|Any CPU
		{775346AA-D3E7-4A73-81DF-76E9F3943B8E}.Release|Any CPU.Build.0 = Release|Any CPU
		{28C08F08-B252-48CD-A90B-2447D92A17F7}.Debug|Any CPU.ActiveCfg = Debug|Any CPU
		{28C08F08-B252-48CD-A90B-2447D92A17F7}.Debug|Any CPU.Build.0 = Debug|Any CPU
		{28C08F08-B252-48CD-A90B-2447D92A17F7}.Release|Any CPU.ActiveCfg = Release|Any CPU
		{28C08F08-B252-48CD-A90B-2447D92A17F7}.Release|Any CPU.Build.0 = Release|Any CPU
		{F7B117AE-F080-4CD4-BBE3-5CCC39B2BC1A}.Debug|Any CPU.ActiveCfg = Debug|Any CPU
		{F7B117AE-F080-4CD4-BBE3-5CCC39B2BC1A}.Debug|Any CPU.Build.0 = Debug|Any CPU
		{F7B117AE-F080-4CD4-BBE3-5CCC39B2BC1A}.Release|Any CPU.ActiveCfg = Release|Any CPU
		{F7B117AE-F080-4CD4-BBE3-5CCC39B2BC1A}.Release|Any CPU.Build.0 = Release|Any CPU
		{7C994D16-1199-4E18-8EA9-BC9DF359C327}.Debug|Any CPU.ActiveCfg = Debug|Any CPU
		{7C994D16-1199-4E18-8EA9-BC9DF359C327}.Debug|Any CPU.Build.0 = Debug|Any CPU
		{7C994D16-1199-4E18-8EA9-BC9DF359C327}.Release|Any CPU.ActiveCfg = Release|Any CPU
		{7C994D16-1199-4E18-8EA9-BC9DF359C327}.Release|Any CPU.Build.0 = Release|Any CPU
		{4E857E82-3BCC-4EC0-A847-5B8B748180AD}.Debug|Any CPU.ActiveCfg = Debug|Any CPU
		{4E857E82-3BCC-4EC0-A847-5B8B748180AD}.Debug|Any CPU.Build.0 = Debug|Any CPU
		{4E857E82-3BCC-4EC0-A847-5B8B748180AD}.Release|Any CPU.ActiveCfg = Release|Any CPU
		{4E857E82-3BCC-4EC0-A847-5B8B748180AD}.Release|Any CPU.Build.0 = Release|Any CPU
		{1DC33E0C-6D43-4AC8-8059-4A1DC4F5A883}.Debug|Any CPU.ActiveCfg = Debug|Any CPU
		{1DC33E0C-6D43-4AC8-8059-4A1DC4F5A883}.Debug|Any CPU.Build.0 = Debug|Any CPU
		{1DC33E0C-6D43-4AC8-8059-4A1DC4F5A883}.Release|Any CPU.ActiveCfg = Release|Any CPU
		{1DC33E0C-6D43-4AC8-8059-4A1DC4F5A883}.Release|Any CPU.Build.0 = Release|Any CPU
		{BCEA453D-9C7E-46BC-B20E-5FFA45971418}.Debug|Any CPU.ActiveCfg = Debug|Any CPU
		{BCEA453D-9C7E-46BC-B20E-5FFA45971418}.Debug|Any CPU.Build.0 = Debug|Any CPU
		{BCEA453D-9C7E-46BC-B20E-5FFA45971418}.Release|Any CPU.ActiveCfg = Release|Any CPU
		{BCEA453D-9C7E-46BC-B20E-5FFA45971418}.Release|Any CPU.Build.0 = Release|Any CPU
		{8897F718-F33C-40B1-BE92-92DADADC120E}.Debug|Any CPU.ActiveCfg = Debug|Any CPU
		{8897F718-F33C-40B1-BE92-92DADADC120E}.Debug|Any CPU.Build.0 = Debug|Any CPU
		{8897F718-F33C-40B1-BE92-92DADADC120E}.Release|Any CPU.ActiveCfg = Release|Any CPU
		{8897F718-F33C-40B1-BE92-92DADADC120E}.Release|Any CPU.Build.0 = Release|Any CPU
		{A74BF8FB-1C2C-411C-A10C-C9AAC6FF4145}.Debug|Any CPU.ActiveCfg = Debug|Any CPU
		{A74BF8FB-1C2C-411C-A10C-C9AAC6FF4145}.Debug|Any CPU.Build.0 = Debug|Any CPU
		{A74BF8FB-1C2C-411C-A10C-C9AAC6FF4145}.Release|Any CPU.ActiveCfg = Release|Any CPU
		{A74BF8FB-1C2C-411C-A10C-C9AAC6FF4145}.Release|Any CPU.Build.0 = Release|Any CPU
	EndGlobalSection
	GlobalSection(SolutionProperties) = preSolution
		HideSolutionNode = FALSE
	EndGlobalSection
	GlobalSection(ExtensibilityGlobals) = postSolution
		SolutionGuid = {6922B2D0-A0F4-4FC9-9B8F-50CBDB07BA0F}
	EndGlobalSection
EndGlobal
