
Microsoft Visual Studio Solution File, Format Version 12.00
# Visual Studio Version 16
VisualStudioVersion = 16.0.29806.167
MinimumVisualStudioVersion = 10.0.40219.1
Project("{FAE04EC0-301F-11D3-BF4B-00C04F79EFBC}") = "SeaTrip", "PracticalExam\SeaTrip.csproj", "{A6E79EF6-18FB-45B7-AC1E-5BA18924D666}"
EndProject
Project("{FAE04EC0-301F-11D3-BF4B-00C04F79EFBC}") = "SpaceShip", "SpaceShip\SpaceShip.csproj", "{815D8E18-2ECB-4A1C-A2F6-553B5B704446}"
EndProject
Project("{FAE04EC0-301F-11D3-BF4B-00C04F79EFBC}") = "SushiTime", "SushiTime\SushiTime.csproj", "{921E61A2-6DD1-402E-929E-72DA65B24B40}"
EndProject
Project("{FAE04EC0-301F-11D3-BF4B-00C04F79EFBC}") = "Bus", "Bus\Bus.csproj", "{5DD035D4-6C77-43A8-A609-5F55DE2935F6}"
EndProject
Project("{FAE04EC0-301F-11D3-BF4B-00C04F79EFBC}") = "BachelorParty", "BachelorParty\BachelorParty.csproj", "{87188FC4-47A8-4382-93DA-8A67EC98961D}"
EndProject
Project("{FAE04EC0-301F-11D3-BF4B-00C04F79EFBC}") = "MultiplyTable", "MultiplyTable\MultiplyTable.csproj", "{8258A807-B583-42CA-8567-AE5AF86F11EF}"
EndProject
Global
	GlobalSection(SolutionConfigurationPlatforms) = preSolution
		Debug|Any CPU = Debug|Any CPU
		Release|Any CPU = Release|Any CPU
	EndGlobalSection
	GlobalSection(ProjectConfigurationPlatforms) = postSolution
		{A6E79EF6-18FB-45B7-AC1E-5BA18924D666}.Debug|Any CPU.ActiveCfg = Debug|Any CPU
		{A6E79EF6-18FB-45B7-AC1E-5BA18924D666}.Debug|Any CPU.Build.0 = Debug|Any CPU
		{A6E79EF6-18FB-45B7-AC1E-5BA18924D666}.Release|Any CPU.ActiveCfg = Release|Any CPU
		{A6E79EF6-18FB-45B7-AC1E-5BA18924D666}.Release|Any CPU.Build.0 = Release|Any CPU
		{815D8E18-2ECB-4A1C-A2F6-553B5B704446}.Debug|Any CPU.ActiveCfg = Debug|Any CPU
		{815D8E18-2ECB-4A1C-A2F6-553B5B704446}.Debug|Any CPU.Build.0 = Debug|Any CPU
		{815D8E18-2ECB-4A1C-A2F6-553B5B704446}.Release|Any CPU.ActiveCfg = Release|Any CPU
		{815D8E18-2ECB-4A1C-A2F6-553B5B704446}.Release|Any CPU.Build.0 = Release|Any CPU
		{921E61A2-6DD1-402E-929E-72DA65B24B40}.Debug|Any CPU.ActiveCfg = Debug|Any CPU
		{921E61A2-6DD1-402E-929E-72DA65B24B40}.Debug|Any CPU.Build.0 = Debug|Any CPU
		{921E61A2-6DD1-402E-929E-72DA65B24B40}.Release|Any CPU.ActiveCfg = Release|Any CPU
		{921E61A2-6DD1-402E-929E-72DA65B24B40}.Release|Any CPU.Build.0 = Release|Any CPU
		{5DD035D4-6C77-43A8-A609-5F55DE2935F6}.Debug|Any CPU.ActiveCfg = Debug|Any CPU
		{5DD035D4-6C77-43A8-A609-5F55DE2935F6}.Debug|Any CPU.Build.0 = Debug|Any CPU
		{5DD035D4-6C77-43A8-A609-5F55DE2935F6}.Release|Any CPU.ActiveCfg = Release|Any CPU
		{5DD035D4-6C77-43A8-A609-5F55DE2935F6}.Release|Any CPU.Build.0 = Release|Any CPU
		{87188FC4-47A8-4382-93DA-8A67EC98961D}.Debug|Any CPU.ActiveCfg = Debug|Any CPU
		{87188FC4-47A8-4382-93DA-8A67EC98961D}.Debug|Any CPU.Build.0 = Debug|Any CPU
		{87188FC4-47A8-4382-93DA-8A67EC98961D}.Release|Any CPU.ActiveCfg = Release|Any CPU
		{87188FC4-47A8-4382-93DA-8A67EC98961D}.Release|Any CPU.Build.0 = Release|Any CPU
		{8258A807-B583-42CA-8567-AE5AF86F11EF}.Debug|Any CPU.ActiveCfg = Debug|Any CPU
		{8258A807-B583-42CA-8567-AE5AF86F11EF}.Debug|Any CPU.Build.0 = Debug|Any CPU
		{8258A807-B583-42CA-8567-AE5AF86F11EF}.Release|Any CPU.ActiveCfg = Release|Any CPU
		{8258A807-B583-42CA-8567-AE5AF86F11EF}.Release|Any CPU.Build.0 = Release|Any CPU
	EndGlobalSection
	GlobalSection(SolutionProperties) = preSolution
		HideSolutionNode = FALSE
	EndGlobalSection
	GlobalSection(ExtensibilityGlobals) = postSolution
		SolutionGuid = {BA3FBAC5-7622-4578-82B8-44721A15C3BB}
	EndGlobalSection
EndGlobal
